{
  "object": {
    "pins": [
      {
        "package": "BSWFoundation",
        "repositoryURL": "https://github.com/theleftbit/BSWFoundation.git",
        "state": {
          "branch": "xcode11",
          "revision": "45802250ef65661c033608280254472dc1d57ae8",
          "version": null
        }
      },
      {
        "package": "Deferred",
        "repositoryURL": "https://github.com/bignerdranch/Deferred.git",
        "state": {
          "branch": null,
          "revision": "5faced2c125570f495f0b439f1b3f977e164090f",
          "version": "4.0.0"
        }
      },
      {
        "package": "KeychainAccess",
        "repositoryURL": "https://github.com/kishikawakatsumi/KeychainAccess.git",
        "state": {
          "branch": null,
          "revision": "0046db4ab8fd7be31a59e57912dbb96639ad8ce9",
          "version": "3.2.0"
        }
      },
      {
        "package": "Nuke",
        "repositoryURL": "https://github.com/kean/Nuke.git",
        "state": {
          "branch": "8.0-rc.1",
          "revision": "469efb593c2c1c2e0d40f8b74cb6a2fb95581d77",
          "version": null
        }
      },
      {
        "package": "SnapshotTesting",
        "repositoryURL": "https://github.com/pointfreeco/swift-snapshot-testing.git",
        "state": {
          "branch": "master",
          "revision": "dc14bff0dab1262d855fa415d136fb5a5bdfcbf9",
          "version": null
        }
      }
    ]
  },
  "version": 1
}
