{
  "object": {
    "pins": [
      {
        "package": "BSWFoundation",
        "repositoryURL": "https://github.com/theleftbit/BSWFoundation.git",
        "state": {
          "branch": null,
          "revision": "2fcc959a6c0dd00dfb66e9b27033e43e4fcc4221",
          "version": "3.3.0"
        }
      },
      {
        "package": "Deferred",
        "repositoryURL": "https://github.com/theleftbit/Deferred.git",
        "state": {
          "branch": null,
          "revision": "736f09b1792609e5e5f494a5dfd3dc8abc6ebdeb",
          "version": "4.2.0"
        }
      },
      {
        "package": "KeychainAccess",
        "repositoryURL": "https://github.com/kishikawakatsumi/KeychainAccess.git",
        "state": {
          "branch": null,
          "revision": "8d33ffd6f74b3bcfc99af759d4204c6395a3f918",
          "version": "3.2.1"
        }
      },
      {
        "package": "Nuke",
        "repositoryURL": "https://github.com/kean/Nuke.git",
        "state": {
          "branch": null,
          "revision": "6001489d22e5f41a4956c1b6cd4cf7cbe8f44dff",
          "version": "8.4.1"
        }
      },
      {
        "package": "SnapshotTesting",
        "repositoryURL": "https://github.com/pointfreeco/swift-snapshot-testing.git",
        "state": {
          "branch": null,
          "revision": "114882386a815f4a2e6d8f2f7ee4857acd372438",
          "version": "1.7.2"
        }
      }
    ]
  },
  "version": 1
}
