PODS:
  - Alamofire (4.5.1)
  - BNRDeferred (3.1.2)
  - BSWFoundation (1.3.0):
    - Alamofire (~> 4.5.1)
    - BNRDeferred (= 3.1.2)
    - KeychainAccess (~> 3.1.0)
  - BSWInterfaceKit (0.4.0):
    - BSWFoundation (~> 1.3.0)
    - PINRemoteImage (~> 2.1.4)
  - FBSnapshotTestCase (2.1.4):
    - FBSnapshotTestCase/SwiftSupport (= 2.1.4)
  - FBSnapshotTestCase/Core (2.1.4)
  - FBSnapshotTestCase/SwiftSupport (2.1.4):
    - FBSnapshotTestCase/Core
  - FLAnimatedImage (1.0.12)
  - KeychainAccess (3.1.0)
  - PINCache (2.3)
  - PINRemoteImage (2.1.4):
    - PINRemoteImage/FLAnimatedImage (= 2.1.4)
  - PINRemoteImage/Core (2.1.4):
    - PINCache (>= 2.1)
  - PINRemoteImage/FLAnimatedImage (2.1.4):
    - FLAnimatedImage (>= 1.0)
    - PINRemoteImage/Core

DEPENDENCIES:
  - BSWInterfaceKit (from `./BSWInterfaceKit.podspec`)
  - FBSnapshotTestCase

EXTERNAL SOURCES:
  BSWInterfaceKit:
    :path: ./BSWInterfaceKit.podspec

SPEC CHECKSUMS:
  Alamofire: 2d95912bf4c34f164fdfc335872e8c312acaea4a
  BNRDeferred: e3cdbffe7527482fb9908b79dd0a18d2b450fb10
  BSWFoundation: d01453e6312d9984ce0ddc9e10ab0423213f0a30
  BSWInterfaceKit: b1c5682f7ac070cfa615ac7aca252411c0859aa8
  FBSnapshotTestCase: 094f9f314decbabe373b87cc339bea235a63e07a
  FLAnimatedImage: 4a0b56255d9b05f18b6dd7ee06871be5d3b89e31
  KeychainAccess: 94c5540b32eabf7bc32bfb976a268e8ea05fd6da
  PINCache: ce36ed282031b92fc7733ffe831f474ff80fddc2
  PINRemoteImage: 4ac4011c5caefd6befd99758e09becede05d3226

PODFILE CHECKSUM: 712c252b5ac60f525f5e76b54c373e0811974d05

COCOAPODS: 1.3.1
