PODS:
  - BNRDeferred (3.3.1)
  - BSWFoundation (2.0.1):
    - BNRDeferred (= 3.3.1)
    - KeychainAccess (~> 3.1.0)
  - BSWInterfaceKit (1.0.0):
    - BSWFoundation (~> 2.0.1)
    - SDWebImage (~> 4.4.1)
  - iOSSnapshotTestCase (3.0.0):
    - iOSSnapshotTestCase/SwiftSupport (= 3.0.0)
  - iOSSnapshotTestCase/Core (3.0.0)
  - iOSSnapshotTestCase/SwiftSupport (3.0.0):
    - iOSSnapshotTestCase/Core
  - KeychainAccess (3.1.1)
  - SDWebImage (4.4.1):
    - SDWebImage/Core (= 4.4.1)
  - SDWebImage/Core (4.4.1)

DEPENDENCIES:
  - BSWInterfaceKit (from `./BSWInterfaceKit.podspec`)
  - iOSSnapshotTestCase

SPEC REPOS:
  https://github.com/cocoapods/specs.git:
    - BNRDeferred
    - BSWFoundation
    - iOSSnapshotTestCase
    - KeychainAccess
    - SDWebImage

EXTERNAL SOURCES:
  BSWInterfaceKit:
    :path: "./BSWInterfaceKit.podspec"

SPEC CHECKSUMS:
  BNRDeferred: 3936d5a6c2181731eb6528662881312f9aaed08e
  BSWFoundation: 96adba71bed7d1d7430c771e13bf60e6291abc50
  BSWInterfaceKit: 3f30cb3840f721fdbef109b7f8511e11b4513870
  iOSSnapshotTestCase: 23984ffe05289728d646cbb6a7a10b4fb1c93440
  KeychainAccess: 7bd430028059754a3debab3cfc0bd1fc7fb85df3
  SDWebImage: 47e9b5b925cbce75946c23f0c42dd19464189af4

PODFILE CHECKSUM: 0c295ff81a575280e3065c32836f23a890df2fde

COCOAPODS: 1.5.3
