PODS:
  - Alamofire (4.0.0)
  - BNRDeferred (2.2.0-rc.1)
  - BSWFoundation (0.1.0):
    - Alamofire (~> 4.0.0)
    - BNRDeferred
    - Decodable (~> 0.5)
  - BSWInterfaceKit (0.0.1):
    - BSWFoundation
    - Cartography
    - PINRemoteImage
  - Cartography (0.7.0)
  - Decodable (0.5)
  - FLAnimatedImage (1.0.12)
  - PINCache (2.3)
  - PINRemoteImage (2.1.4):
    - PINRemoteImage/FLAnimatedImage (= 2.1.4)
  - PINRemoteImage/Core (2.1.4):
    - PINCache (>= 2.1)
  - PINRemoteImage/FLAnimatedImage (2.1.4):
    - FLAnimatedImage (>= 1.0)
    - PINRemoteImage/Core

DEPENDENCIES:
  - BNRDeferred (from `https://github.com/bignerdranch/Deferred.git`, branch `zwaldowski/swift-3_0/naming`)
  - BSWFoundation (from `https://github.com/BlurredSoftware/BSWFoundation.git`, branch `task`)
  - BSWInterfaceKit (from `../BSWInterfaceKit.podspec`)
  - Cartography (from `https://github.com/raphaelcruzeiro/Cartography.git`, branch `swift3`)

EXTERNAL SOURCES:
  BNRDeferred:
    :branch: zwaldowski/swift-3_0/naming
    :git: https://github.com/bignerdranch/Deferred.git
  BSWFoundation:
    :branch: task
    :git: https://github.com/BlurredSoftware/BSWFoundation.git
  BSWInterfaceKit:
    :path: "../BSWInterfaceKit.podspec"
  Cartography:
    :branch: swift3
    :git: https://github.com/raphaelcruzeiro/Cartography.git

CHECKOUT OPTIONS:
  BNRDeferred:
    :commit: eb06b3a16ded452e23b469367db0c4ad891614d9
    :git: https://github.com/bignerdranch/Deferred.git
  BSWFoundation:
    :commit: cedbabd4dd4b0155ae29ab210087cd42e6fad418
    :git: https://github.com/BlurredSoftware/BSWFoundation.git
  Cartography:
    :commit: 01906c8e862d046d3aed9ed654130d031bf8e69d
    :git: https://github.com/raphaelcruzeiro/Cartography.git

SPEC CHECKSUMS:
  Alamofire: fef59f00388f267e52d9b432aa5d93dc97190f14
  BNRDeferred: e68ca797204d81a4516606a0cb597bc46fd0788b
  BSWFoundation: aae825d810ce652e2e09525583e59e986bfc41b0
  BSWInterfaceKit: 82625376c2b1bef8ee5fa94713c0e4a42f9feed5
  Cartography: dd6044b6fe352252f68b648df5bff47841e591cc
  Decodable: 7c90acc68d357b71d0d6efc120faf9c53c644b7e
  FLAnimatedImage: 4a0b56255d9b05f18b6dd7ee06871be5d3b89e31
  PINCache: ce36ed282031b92fc7733ffe831f474ff80fddc2
  PINRemoteImage: 4ac4011c5caefd6befd99758e09becede05d3226

PODFILE CHECKSUM: ea5ef256daecb731537c3b0a70fb7fd9068973b1

COCOAPODS: 1.1.0.beta.2
