// !$*UTF8*$!
{
	archiveVersion = 1;
	classes = {
	};
	objectVersion = 46;
	objects = {

/* Begin PBXBuildFile section */
		6AB09D3B5532BB803E815226 /* Pods_BSWInterfaceKitDemoTests.framework in Frameworks */ = {isa = PBXBuildFile; fileRef = A55C0B7A56D79E151F6BD7C1 /* Pods_BSWInterfaceKitDemoTests.framework */; };
		6CBF26607B30D09AAA5013E7 /* Pods_BSWInterfaceKitDemo.framework in Frameworks */ = {isa = PBXBuildFile; fileRef = C6ADC76DEF33E5C85F29EFDB /* Pods_BSWInterfaceKitDemo.framework */; };
		EB067A161E8057E000A8AC91 /* PolaroidCellTests.swift in Sources */ = {isa = PBXBuildFile; fileRef = EB067A151E8057E000A8AC91 /* PolaroidCellTests.swift */; };
		EB067A1C1E806A8300A8AC91 /* ButtonTests.swift in Sources */ = {isa = PBXBuildFile; fileRef = EB067A1B1E806A8300A8AC91 /* ButtonTests.swift */; };
		EB0B24261E81B2BF005491F1 /* UIViewTests.swift in Sources */ = {isa = PBXBuildFile; fileRef = EB0B24251E81B2BF005491F1 /* UIViewTests.swift */; };
		EB3B035A1E9CD9AD009E6F80 /* UIViewControllerTests.swift in Sources */ = {isa = PBXBuildFile; fileRef = EB3B03591E9CD9AD009E6F80 /* UIViewControllerTests.swift */; };
		EB55C3AE1EF534120029E735 /* TextStylerTests.swift in Sources */ = {isa = PBXBuildFile; fileRef = EB55C3AD1EF534120029E735 /* TextStylerTests.swift */; };
		EB81EADE1E81BE7C008A0852 /* ProfilePhotoPickerCollectionViewTests.swift in Sources */ = {isa = PBXBuildFile; fileRef = EB81EADD1E81BE7C008A0852 /* ProfilePhotoPickerCollectionViewTests.swift */; };
		EBB3CEB81E50C60B0063303C /* AppDelegate.swift in Sources */ = {isa = PBXBuildFile; fileRef = EBB3CEB71E50C60B0063303C /* AppDelegate.swift */; };
		EBB3CEBA1E50C60B0063303C /* FeaturesViewController.swift in Sources */ = {isa = PBXBuildFile; fileRef = EBB3CEB91E50C60B0063303C /* FeaturesViewController.swift */; };
		EBB3CEBF1E50C60B0063303C /* Assets.xcassets in Resources */ = {isa = PBXBuildFile; fileRef = EBB3CEBE1E50C60B0063303C /* Assets.xcassets */; };
		EBB3CEC21E50C60B0063303C /* LaunchScreen.storyboard in Resources */ = {isa = PBXBuildFile; fileRef = EBB3CEC01E50C60B0063303C /* LaunchScreen.storyboard */; };
		EBB3CECD1E50C60B0063303C /* ClassicProfileViewControllerTests.swift in Sources */ = {isa = PBXBuildFile; fileRef = EBB3CECC1E50C60B0063303C /* ClassicProfileViewControllerTests.swift */; };
		EBBB9FAD1E7BF0FE000F1232 /* StrawberryViewController.swift in Sources */ = {isa = PBXBuildFile; fileRef = EBBB9FAC1E7BF0FE000F1232 /* StrawberryViewController.swift */; };
		EBBB9FAF1E7BF524000F1232 /* AzzurriViewController.swift in Sources */ = {isa = PBXBuildFile; fileRef = EBBB9FAE1E7BF524000F1232 /* AzzurriViewController.swift */; };
		EBD6D20D1E50E43800D4CBFA /* BSWSnapshotTest.swift in Sources */ = {isa = PBXBuildFile; fileRef = EBD6D20C1E50E43800D4CBFA /* BSWSnapshotTest.swift */; };
		F53E036E2122DE49004C5E13 /* ScrollableTabsViewControllerTests.swift in Sources */ = {isa = PBXBuildFile; fileRef = F53E036D2122DE49004C5E13 /* ScrollableTabsViewControllerTests.swift */; };
		F54886DC203ED769005191D3 /* FacebookLoginViewController.swift in Sources */ = {isa = PBXBuildFile; fileRef = F54886DB203ED769005191D3 /* FacebookLoginViewController.swift */; };
		F56D522320F767130008D67C /* AvatarViewTests.swift in Sources */ = {isa = PBXBuildFile; fileRef = F56D522220F767130008D67C /* AvatarViewTests.swift */; };
		F57ABCD6224D15B000258BAE /* HorizontalPagedCollectionViewLayoutTests.swift in Sources */ = {isa = PBXBuildFile; fileRef = F57ABCD5224D15B000258BAE /* HorizontalPagedCollectionViewLayoutTests.swift */; };
		F5BC58882199CBCB00493461 /* ColumnFlowLayoutTests.swift in Sources */ = {isa = PBXBuildFile; fileRef = F5BC58872199CBCB00493461 /* ColumnFlowLayoutTests.swift */; };
		F5D37D1F2289BDE60051EA82 /* NSAttributedStringTests.swift in Sources */ = {isa = PBXBuildFile; fileRef = F5D37D1E2289BDE60051EA82 /* NSAttributedStringTests.swift */; };
		F5F8BD69222FCDA400CCCE43 /* AlertOperationViewController.swift in Sources */ = {isa = PBXBuildFile; fileRef = F5F8BD68222FCDA400CCCE43 /* AlertOperationViewController.swift */; };
/* End PBXBuildFile section */

/* Begin PBXContainerItemProxy section */
		EBB3CEC91E50C60B0063303C /* PBXContainerItemProxy */ = {
			isa = PBXContainerItemProxy;
			containerPortal = D427AA8E5E06E105148C9250 /* Project object */;
			proxyType = 1;
			remoteGlobalIDString = EBB3CEB41E50C60B0063303C;
			remoteInfo = BSWInterfaceKitDemo;
		};
/* End PBXContainerItemProxy section */

/* Begin PBXFileReference section */
		053162F30068FA295473A9D8 /* BSWInterfaceKit.playground */ = {isa = PBXFileReference; includeInIndex = 1; lastKnownFileType = file.playground; path = BSWInterfaceKit.playground; sourceTree = "<group>"; };
		05D2CCE9EC50FDB1F039867D /* Pods-BSWInterfaceKitDemoTests.debug.xcconfig */ = {isa = PBXFileReference; includeInIndex = 1; lastKnownFileType = text.xcconfig; name = "Pods-BSWInterfaceKitDemoTests.debug.xcconfig"; path = "Pods/Target Support Files/Pods-BSWInterfaceKitDemoTests/Pods-BSWInterfaceKitDemoTests.debug.xcconfig"; sourceTree = "<group>"; };
		22BE3756D7FD5750FD847EF6 /* Pods-BSWInterfaceKitDemo.debug.xcconfig */ = {isa = PBXFileReference; includeInIndex = 1; lastKnownFileType = text.xcconfig; name = "Pods-BSWInterfaceKitDemo.debug.xcconfig"; path = "Pods/Target Support Files/Pods-BSWInterfaceKitDemo/Pods-BSWInterfaceKitDemo.debug.xcconfig"; sourceTree = "<group>"; };
		38863D8FF3DBF00755FEC550 /* Pods-BSWInterfaceKitDemoTests.release.xcconfig */ = {isa = PBXFileReference; includeInIndex = 1; lastKnownFileType = text.xcconfig; name = "Pods-BSWInterfaceKitDemoTests.release.xcconfig"; path = "Pods/Target Support Files/Pods-BSWInterfaceKitDemoTests/Pods-BSWInterfaceKitDemoTests.release.xcconfig"; sourceTree = "<group>"; };
		876CB44B6FD0A748932B75CC /* Foundation.framework */ = {isa = PBXFileReference; lastKnownFileType = wrapper.framework; name = Foundation.framework; path = Platforms/iPhoneOS.platform/Developer/SDKs/iPhoneOS9.3.sdk/System/Library/Frameworks/Foundation.framework; sourceTree = DEVELOPER_DIR; };
		9F7FF3CE5CEED46194483C28 /* Pods-BSWInterfaceKitDemo.release.xcconfig */ = {isa = PBXFileReference; includeInIndex = 1; lastKnownFileType = text.xcconfig; name = "Pods-BSWInterfaceKitDemo.release.xcconfig"; path = "Pods/Target Support Files/Pods-BSWInterfaceKitDemo/Pods-BSWInterfaceKitDemo.release.xcconfig"; sourceTree = "<group>"; };
		A55C0B7A56D79E151F6BD7C1 /* Pods_BSWInterfaceKitDemoTests.framework */ = {isa = PBXFileReference; explicitFileType = wrapper.framework; includeInIndex = 0; path = Pods_BSWInterfaceKitDemoTests.framework; sourceTree = BUILT_PRODUCTS_DIR; };
		C6ADC76DEF33E5C85F29EFDB /* Pods_BSWInterfaceKitDemo.framework */ = {isa = PBXFileReference; explicitFileType = wrapper.framework; includeInIndex = 0; path = Pods_BSWInterfaceKitDemo.framework; sourceTree = BUILT_PRODUCTS_DIR; };
		EB067A151E8057E000A8AC91 /* PolaroidCellTests.swift */ = {isa = PBXFileReference; fileEncoding = 4; lastKnownFileType = sourcecode.swift; path = PolaroidCellTests.swift; sourceTree = "<group>"; };
		EB067A1B1E806A8300A8AC91 /* ButtonTests.swift */ = {isa = PBXFileReference; fileEncoding = 4; lastKnownFileType = sourcecode.swift; path = ButtonTests.swift; sourceTree = "<group>"; };
		EB0B24251E81B2BF005491F1 /* UIViewTests.swift */ = {isa = PBXFileReference; fileEncoding = 4; lastKnownFileType = sourcecode.swift; path = UIViewTests.swift; sourceTree = "<group>"; };
		EB3B03591E9CD9AD009E6F80 /* UIViewControllerTests.swift */ = {isa = PBXFileReference; fileEncoding = 4; lastKnownFileType = sourcecode.swift; path = UIViewControllerTests.swift; sourceTree = "<group>"; };
		EB55C3AD1EF534120029E735 /* TextStylerTests.swift */ = {isa = PBXFileReference; lastKnownFileType = sourcecode.swift; path = TextStylerTests.swift; sourceTree = "<group>"; };
		EB81EADD1E81BE7C008A0852 /* ProfilePhotoPickerCollectionViewTests.swift */ = {isa = PBXFileReference; fileEncoding = 4; lastKnownFileType = sourcecode.swift; path = ProfilePhotoPickerCollectionViewTests.swift; sourceTree = "<group>"; };
		EBB3CEB01E50C59E0063303C /* BSWInterfaceKit.podspec */ = {isa = PBXFileReference; lastKnownFileType = text; path = BSWInterfaceKit.podspec; sourceTree = "<group>"; xcLanguageSpecificationIdentifier = xcode.lang.ruby; };
		EBB3CEB51E50C60B0063303C /* BSWInterfaceKitDemo.app */ = {isa = PBXFileReference; explicitFileType = wrapper.application; includeInIndex = 0; path = BSWInterfaceKitDemo.app; sourceTree = BUILT_PRODUCTS_DIR; };
		EBB3CEB71E50C60B0063303C /* AppDelegate.swift */ = {isa = PBXFileReference; lastKnownFileType = sourcecode.swift; path = AppDelegate.swift; sourceTree = "<group>"; };
		EBB3CEB91E50C60B0063303C /* FeaturesViewController.swift */ = {isa = PBXFileReference; lastKnownFileType = sourcecode.swift; path = FeaturesViewController.swift; sourceTree = "<group>"; };
		EBB3CEBE1E50C60B0063303C /* Assets.xcassets */ = {isa = PBXFileReference; lastKnownFileType = folder.assetcatalog; path = Assets.xcassets; sourceTree = "<group>"; };
		EBB3CEC11E50C60B0063303C /* Base */ = {isa = PBXFileReference; lastKnownFileType = file.storyboard; name = Base; path = Base.lproj/LaunchScreen.storyboard; sourceTree = "<group>"; };
		EBB3CEC31E50C60B0063303C /* Info.plist */ = {isa = PBXFileReference; lastKnownFileType = text.plist.xml; path = Info.plist; sourceTree = "<group>"; };
		EBB3CEC81E50C60B0063303C /* BSWInterfaceKitDemoTests.xctest */ = {isa = PBXFileReference; explicitFileType = wrapper.cfbundle; includeInIndex = 0; path = BSWInterfaceKitDemoTests.xctest; sourceTree = BUILT_PRODUCTS_DIR; };
		EBB3CECC1E50C60B0063303C /* ClassicProfileViewControllerTests.swift */ = {isa = PBXFileReference; lastKnownFileType = sourcecode.swift; path = ClassicProfileViewControllerTests.swift; sourceTree = "<group>"; };
		EBB3CECE1E50C60B0063303C /* Info.plist */ = {isa = PBXFileReference; lastKnownFileType = text.plist.xml; path = Info.plist; sourceTree = "<group>"; };
		EBBB9FAC1E7BF0FE000F1232 /* StrawberryViewController.swift */ = {isa = PBXFileReference; fileEncoding = 4; lastKnownFileType = sourcecode.swift; path = StrawberryViewController.swift; sourceTree = "<group>"; };
		EBBB9FAE1E7BF524000F1232 /* AzzurriViewController.swift */ = {isa = PBXFileReference; fileEncoding = 4; lastKnownFileType = sourcecode.swift; path = AzzurriViewController.swift; sourceTree = "<group>"; };
		EBD6D20C1E50E43800D4CBFA /* BSWSnapshotTest.swift */ = {isa = PBXFileReference; fileEncoding = 4; lastKnownFileType = sourcecode.swift; path = BSWSnapshotTest.swift; sourceTree = "<group>"; };
		F53E036D2122DE49004C5E13 /* ScrollableTabsViewControllerTests.swift */ = {isa = PBXFileReference; lastKnownFileType = sourcecode.swift; path = ScrollableTabsViewControllerTests.swift; sourceTree = "<group>"; };
		F54886DB203ED769005191D3 /* FacebookLoginViewController.swift */ = {isa = PBXFileReference; lastKnownFileType = sourcecode.swift; path = FacebookLoginViewController.swift; sourceTree = "<group>"; };
		F56D522220F767130008D67C /* AvatarViewTests.swift */ = {isa = PBXFileReference; lastKnownFileType = sourcecode.swift; path = AvatarViewTests.swift; sourceTree = "<group>"; };
		F57ABCD5224D15B000258BAE /* HorizontalPagedCollectionViewLayoutTests.swift */ = {isa = PBXFileReference; lastKnownFileType = sourcecode.swift; path = HorizontalPagedCollectionViewLayoutTests.swift; sourceTree = "<group>"; };
		F5BC58872199CBCB00493461 /* ColumnFlowLayoutTests.swift */ = {isa = PBXFileReference; lastKnownFileType = sourcecode.swift; path = ColumnFlowLayoutTests.swift; sourceTree = "<group>"; };
		F5D37D1E2289BDE60051EA82 /* NSAttributedStringTests.swift */ = {isa = PBXFileReference; lastKnownFileType = sourcecode.swift; path = NSAttributedStringTests.swift; sourceTree = "<group>"; };
		F5F8BD68222FCDA400CCCE43 /* AlertOperationViewController.swift */ = {isa = PBXFileReference; lastKnownFileType = sourcecode.swift; path = AlertOperationViewController.swift; sourceTree = "<group>"; };
/* End PBXFileReference section */

/* Begin PBXFrameworksBuildPhase section */
		EBB3CEB21E50C60B0063303C /* Frameworks */ = {
			isa = PBXFrameworksBuildPhase;
			buildActionMask = 2147483647;
			files = (
				6CBF26607B30D09AAA5013E7 /* Pods_BSWInterfaceKitDemo.framework in Frameworks */,
			);
			runOnlyForDeploymentPostprocessing = 0;
		};
		EBB3CEC51E50C60B0063303C /* Frameworks */ = {
			isa = PBXFrameworksBuildPhase;
			buildActionMask = 2147483647;
			files = (
				6AB09D3B5532BB803E815226 /* Pods_BSWInterfaceKitDemoTests.framework in Frameworks */,
			);
			runOnlyForDeploymentPostprocessing = 0;
		};
/* End PBXFrameworksBuildPhase section */

/* Begin PBXGroup section */
		421629A8412B159ACA82BB03 = {
			isa = PBXGroup;
			children = (
				EBB3CEB01E50C59E0063303C /* BSWInterfaceKit.podspec */,
				053162F30068FA295473A9D8 /* BSWInterfaceKit.playground */,
				EBB3CEB61E50C60B0063303C /* BSWInterfaceKitDemo */,
				EBB3CECB1E50C60B0063303C /* BSWInterfaceKitDemoTests */,
				9F252AEF9DC385C64E668E8B /* Products */,
				E8668C1A6301F6D5C33A656D /* Frameworks */,
				874AC9A57FC9C2FD8F5E4CA3 /* Pods */,
			);
			indentWidth = 4;
			sourceTree = "<group>";
			tabWidth = 4;
		};
		874AC9A57FC9C2FD8F5E4CA3 /* Pods */ = {
			isa = PBXGroup;
			children = (
				22BE3756D7FD5750FD847EF6 /* Pods-BSWInterfaceKitDemo.debug.xcconfig */,
				9F7FF3CE5CEED46194483C28 /* Pods-BSWInterfaceKitDemo.release.xcconfig */,
				05D2CCE9EC50FDB1F039867D /* Pods-BSWInterfaceKitDemoTests.debug.xcconfig */,
				38863D8FF3DBF00755FEC550 /* Pods-BSWInterfaceKitDemoTests.release.xcconfig */,
			);
			name = Pods;
			sourceTree = "<group>";
		};
		9F252AEF9DC385C64E668E8B /* Products */ = {
			isa = PBXGroup;
			children = (
				EBB3CEB51E50C60B0063303C /* BSWInterfaceKitDemo.app */,
				EBB3CEC81E50C60B0063303C /* BSWInterfaceKitDemoTests.xctest */,
			);
			name = Products;
			sourceTree = "<group>";
		};
		B6DC4EF26191BD13C50CD2E9 /* iOS */ = {
			isa = PBXGroup;
			children = (
				876CB44B6FD0A748932B75CC /* Foundation.framework */,
			);
			name = iOS;
			sourceTree = "<group>";
		};
		E8668C1A6301F6D5C33A656D /* Frameworks */ = {
			isa = PBXGroup;
			children = (
				B6DC4EF26191BD13C50CD2E9 /* iOS */,
				C6ADC76DEF33E5C85F29EFDB /* Pods_BSWInterfaceKitDemo.framework */,
				A55C0B7A56D79E151F6BD7C1 /* Pods_BSWInterfaceKitDemoTests.framework */,
			);
			name = Frameworks;
			sourceTree = "<group>";
		};
		EB067A171E8057F800A8AC91 /* Suite */ = {
			isa = PBXGroup;
			children = (
				F56D522220F767130008D67C /* AvatarViewTests.swift */,
				EB067A1B1E806A8300A8AC91 /* ButtonTests.swift */,
				EBB3CECC1E50C60B0063303C /* ClassicProfileViewControllerTests.swift */,
				F5BC58872199CBCB00493461 /* ColumnFlowLayoutTests.swift */,
				EB067A151E8057E000A8AC91 /* PolaroidCellTests.swift */,
				EB81EADD1E81BE7C008A0852 /* ProfilePhotoPickerCollectionViewTests.swift */,
				F53E036D2122DE49004C5E13 /* ScrollableTabsViewControllerTests.swift */,
				EB55C3AD1EF534120029E735 /* TextStylerTests.swift */,
				EB3B03591E9CD9AD009E6F80 /* UIViewControllerTests.swift */,
				EB0B24251E81B2BF005491F1 /* UIViewTests.swift */,
				F57ABCD5224D15B000258BAE /* HorizontalPagedCollectionViewLayoutTests.swift */,
				F5D37D1E2289BDE60051EA82 /* NSAttributedStringTests.swift */,
			);
			name = Suite;
			sourceTree = "<group>";
		};
		EBB3CEB61E50C60B0063303C /* BSWInterfaceKitDemo */ = {
			isa = PBXGroup;
			children = (
				EBB3CEB71E50C60B0063303C /* AppDelegate.swift */,
				EBB3CEB91E50C60B0063303C /* FeaturesViewController.swift */,
				EBBB9FAC1E7BF0FE000F1232 /* StrawberryViewController.swift */,
				EBBB9FAE1E7BF524000F1232 /* AzzurriViewController.swift */,
				F54886DB203ED769005191D3 /* FacebookLoginViewController.swift */,
				F5F8BD68222FCDA400CCCE43 /* AlertOperationViewController.swift */,
				EBB3CEBE1E50C60B0063303C /* Assets.xcassets */,
				EBB3CEC01E50C60B0063303C /* LaunchScreen.storyboard */,
				EBB3CEC31E50C60B0063303C /* Info.plist */,
			);
			path = BSWInterfaceKitDemo;
			sourceTree = "<group>";
		};
		EBB3CECB1E50C60B0063303C /* BSWInterfaceKitDemoTests */ = {
			isa = PBXGroup;
			children = (
				EB067A171E8057F800A8AC91 /* Suite */,
				EBD6D20C1E50E43800D4CBFA /* BSWSnapshotTest.swift */,
				EBB3CECE1E50C60B0063303C /* Info.plist */,
			);
			path = BSWInterfaceKitDemoTests;
			sourceTree = "<group>";
		};
/* End PBXGroup section */

/* Begin PBXNativeTarget section */
		EBB3CEB41E50C60B0063303C /* BSWInterfaceKitDemo */ = {
			isa = PBXNativeTarget;
			buildConfigurationList = EBB3CECF1E50C60B0063303C /* Build configuration list for PBXNativeTarget "BSWInterfaceKitDemo" */;
			buildPhases = (
				66978024774B5130487A2DD5 /* [CP] Check Pods Manifest.lock */,
				EBB3CEB11E50C60B0063303C /* Sources */,
				EBB3CEB21E50C60B0063303C /* Frameworks */,
				EBB3CEB31E50C60B0063303C /* Resources */,
				5574F98F7A42B10DA1A1B250 /* [CP] Embed Pods Frameworks */,
			);
			buildRules = (
			);
			dependencies = (
			);
			name = BSWInterfaceKitDemo;
			productName = BSWInterfaceKitDemo;
			productReference = EBB3CEB51E50C60B0063303C /* BSWInterfaceKitDemo.app */;
			productType = "com.apple.product-type.application";
		};
		EBB3CEC71E50C60B0063303C /* BSWInterfaceKitDemoTests */ = {
			isa = PBXNativeTarget;
			buildConfigurationList = EBB3CED21E50C60B0063303C /* Build configuration list for PBXNativeTarget "BSWInterfaceKitDemoTests" */;
			buildPhases = (
				450F3148C77D28CE83CCCAC3 /* [CP] Check Pods Manifest.lock */,
				EBB3CEC41E50C60B0063303C /* Sources */,
				EBB3CEC51E50C60B0063303C /* Frameworks */,
				EBB3CEC61E50C60B0063303C /* Resources */,
				BEF3D294DBE29C1BBE958641 /* [CP] Embed Pods Frameworks */,
			);
			buildRules = (
			);
			dependencies = (
				EBB3CECA1E50C60B0063303C /* PBXTargetDependency */,
			);
			name = BSWInterfaceKitDemoTests;
			productName = BSWInterfaceKitDemoTests;
			productReference = EBB3CEC81E50C60B0063303C /* BSWInterfaceKitDemoTests.xctest */;
			productType = "com.apple.product-type.bundle.unit-test";
		};
/* End PBXNativeTarget section */

/* Begin PBXProject section */
		D427AA8E5E06E105148C9250 /* Project object */ = {
			isa = PBXProject;
			attributes = {
				LastSwiftUpdateCheck = 0820;
				LastUpgradeCheck = 0930;
				TargetAttributes = {
					EBB3CEB41E50C60B0063303C = {
						CreatedOnToolsVersion = 8.2.1;
						DevelopmentTeam = JC3H35UYFP;
						LastSwiftMigration = 1000;
						ProvisioningStyle = Automatic;
					};
					EBB3CEC71E50C60B0063303C = {
						CreatedOnToolsVersion = 8.2.1;
						DevelopmentTeam = JC3H35UYFP;
						LastSwiftMigration = 1000;
						ProvisioningStyle = Automatic;
						TestTargetID = EBB3CEB41E50C60B0063303C;
					};
				};
			};
			buildConfigurationList = FE4F034E9E58ACAC0A5BF1A4 /* Build configuration list for PBXProject "BSWInterfaceKit" */;
			compatibilityVersion = "Xcode 3.2";
			developmentRegion = English;
			hasScannedForEncodings = 0;
			knownRegions = (
				English,
				en,
				Base,
			);
			mainGroup = 421629A8412B159ACA82BB03;
			productRefGroup = 9F252AEF9DC385C64E668E8B /* Products */;
			projectDirPath = "";
			projectRoot = "";
			targets = (
				EBB3CEB41E50C60B0063303C /* BSWInterfaceKitDemo */,
				EBB3CEC71E50C60B0063303C /* BSWInterfaceKitDemoTests */,
			);
		};
/* End PBXProject section */

/* Begin PBXResourcesBuildPhase section */
		EBB3CEB31E50C60B0063303C /* Resources */ = {
			isa = PBXResourcesBuildPhase;
			buildActionMask = 2147483647;
			files = (
				EBB3CEC21E50C60B0063303C /* LaunchScreen.storyboard in Resources */,
				EBB3CEBF1E50C60B0063303C /* Assets.xcassets in Resources */,
			);
			runOnlyForDeploymentPostprocessing = 0;
		};
		EBB3CEC61E50C60B0063303C /* Resources */ = {
			isa = PBXResourcesBuildPhase;
			buildActionMask = 2147483647;
			files = (
			);
			runOnlyForDeploymentPostprocessing = 0;
		};
/* End PBXResourcesBuildPhase section */

/* Begin PBXShellScriptBuildPhase section */
		450F3148C77D28CE83CCCAC3 /* [CP] Check Pods Manifest.lock */ = {
			isa = PBXShellScriptBuildPhase;
			buildActionMask = 2147483647;
			files = (
			);
			inputPaths = (
				"${PODS_PODFILE_DIR_PATH}/Podfile.lock",
				"${PODS_ROOT}/Manifest.lock",
			);
			name = "[CP] Check Pods Manifest.lock";
			outputPaths = (
				"$(DERIVED_FILE_DIR)/Pods-BSWInterfaceKitDemoTests-checkManifestLockResult.txt",
			);
			runOnlyForDeploymentPostprocessing = 0;
			shellPath = /bin/sh;
			shellScript = "diff \"${PODS_PODFILE_DIR_PATH}/Podfile.lock\" \"${PODS_ROOT}/Manifest.lock\" > /dev/null\nif [ $? != 0 ] ; then\n    # print error to STDERR\n    echo \"error: The sandbox is not in sync with the Podfile.lock. Run 'pod install' or update your CocoaPods installation.\" >&2\n    exit 1\nfi\n# This output is used by Xcode 'outputs' to avoid re-running this script phase.\necho \"SUCCESS\" > \"${SCRIPT_OUTPUT_FILE_0}\"\n";
			showEnvVarsInLog = 0;
		};
		5574F98F7A42B10DA1A1B250 /* [CP] Embed Pods Frameworks */ = {
			isa = PBXShellScriptBuildPhase;
			buildActionMask = 2147483647;
			files = (
			);
			inputFileListPaths = (
			);
			inputPaths = (
				"${PODS_ROOT}/Target Support Files/Pods-BSWInterfaceKitDemo/Pods-BSWInterfaceKitDemo-frameworks.sh",
				"${BUILT_PRODUCTS_DIR}/BNRDeferred/Deferred.framework",
				"${BUILT_PRODUCTS_DIR}/BSWFoundation/BSWFoundation.framework",
				"${BUILT_PRODUCTS_DIR}/BSWInterfaceKit/BSWInterfaceKit.framework",
				"${BUILT_PRODUCTS_DIR}/KeychainAccess/KeychainAccess.framework",
				"${BUILT_PRODUCTS_DIR}/Nuke/Nuke.framework",
			);
			name = "[CP] Embed Pods Frameworks";
			outputFileListPaths = (
			);
			outputPaths = (
				"${TARGET_BUILD_DIR}/${FRAMEWORKS_FOLDER_PATH}/Deferred.framework",
				"${TARGET_BUILD_DIR}/${FRAMEWORKS_FOLDER_PATH}/BSWFoundation.framework",
				"${TARGET_BUILD_DIR}/${FRAMEWORKS_FOLDER_PATH}/BSWInterfaceKit.framework",
				"${TARGET_BUILD_DIR}/${FRAMEWORKS_FOLDER_PATH}/KeychainAccess.framework",
				"${TARGET_BUILD_DIR}/${FRAMEWORKS_FOLDER_PATH}/Nuke.framework",
			);
			runOnlyForDeploymentPostprocessing = 0;
			shellPath = /bin/sh;
			shellScript = "\"${PODS_ROOT}/Target Support Files/Pods-BSWInterfaceKitDemo/Pods-BSWInterfaceKitDemo-frameworks.sh\"\n";
			showEnvVarsInLog = 0;
		};
		66978024774B5130487A2DD5 /* [CP] Check Pods Manifest.lock */ = {
			isa = PBXShellScriptBuildPhase;
			buildActionMask = 2147483647;
			files = (
			);
			inputPaths = (
				"${PODS_PODFILE_DIR_PATH}/Podfile.lock",
				"${PODS_ROOT}/Manifest.lock",
			);
			name = "[CP] Check Pods Manifest.lock";
			outputPaths = (
				"$(DERIVED_FILE_DIR)/Pods-BSWInterfaceKitDemo-checkManifestLockResult.txt",
			);
			runOnlyForDeploymentPostprocessing = 0;
			shellPath = /bin/sh;
			shellScript = "diff \"${PODS_PODFILE_DIR_PATH}/Podfile.lock\" \"${PODS_ROOT}/Manifest.lock\" > /dev/null\nif [ $? != 0 ] ; then\n    # print error to STDERR\n    echo \"error: The sandbox is not in sync with the Podfile.lock. Run 'pod install' or update your CocoaPods installation.\" >&2\n    exit 1\nfi\n# This output is used by Xcode 'outputs' to avoid re-running this script phase.\necho \"SUCCESS\" > \"${SCRIPT_OUTPUT_FILE_0}\"\n";
			showEnvVarsInLog = 0;
		};
		BEF3D294DBE29C1BBE958641 /* [CP] Embed Pods Frameworks */ = {
			isa = PBXShellScriptBuildPhase;
			buildActionMask = 2147483647;
			files = (
			);
			inputFileListPaths = (
			);
			inputPaths = (
				"${PODS_ROOT}/Target Support Files/Pods-BSWInterfaceKitDemoTests/Pods-BSWInterfaceKitDemoTests-frameworks.sh",
				"${BUILT_PRODUCTS_DIR}/SnapshotTesting/SnapshotTesting.framework",
			);
			name = "[CP] Embed Pods Frameworks";
			outputFileListPaths = (
			);
			outputPaths = (
				"${TARGET_BUILD_DIR}/${FRAMEWORKS_FOLDER_PATH}/SnapshotTesting.framework",
			);
			runOnlyForDeploymentPostprocessing = 0;
			shellPath = /bin/sh;
			shellScript = "\"${PODS_ROOT}/Target Support Files/Pods-BSWInterfaceKitDemoTests/Pods-BSWInterfaceKitDemoTests-frameworks.sh\"\n";
			showEnvVarsInLog = 0;
		};
/* End PBXShellScriptBuildPhase section */

/* Begin PBXSourcesBuildPhase section */
		EBB3CEB11E50C60B0063303C /* Sources */ = {
			isa = PBXSourcesBuildPhase;
			buildActionMask = 2147483647;
			files = (
				EBBB9FAD1E7BF0FE000F1232 /* StrawberryViewController.swift in Sources */,
				EBBB9FAF1E7BF524000F1232 /* AzzurriViewController.swift in Sources */,
				F54886DC203ED769005191D3 /* FacebookLoginViewController.swift in Sources */,
				F5F8BD69222FCDA400CCCE43 /* AlertOperationViewController.swift in Sources */,
				EBB3CEBA1E50C60B0063303C /* FeaturesViewController.swift in Sources */,
				EBB3CEB81E50C60B0063303C /* AppDelegate.swift in Sources */,
			);
			runOnlyForDeploymentPostprocessing = 0;
		};
		EBB3CEC41E50C60B0063303C /* Sources */ = {
			isa = PBXSourcesBuildPhase;
			buildActionMask = 2147483647;
			files = (
				EB0B24261E81B2BF005491F1 /* UIViewTests.swift in Sources */,
				EB55C3AE1EF534120029E735 /* TextStylerTests.swift in Sources */,
				EB81EADE1E81BE7C008A0852 /* ProfilePhotoPickerCollectionViewTests.swift in Sources */,
				EBD6D20D1E50E43800D4CBFA /* BSWSnapshotTest.swift in Sources */,
				F57ABCD6224D15B000258BAE /* HorizontalPagedCollectionViewLayoutTests.swift in Sources */,
				F56D522320F767130008D67C /* AvatarViewTests.swift in Sources */,
				EBB3CECD1E50C60B0063303C /* ClassicProfileViewControllerTests.swift in Sources */,
				EB3B035A1E9CD9AD009E6F80 /* UIViewControllerTests.swift in Sources */,
				EB067A161E8057E000A8AC91 /* PolaroidCellTests.swift in Sources */,
				F5BC58882199CBCB00493461 /* ColumnFlowLayoutTests.swift in Sources */,
				EB067A1C1E806A8300A8AC91 /* ButtonTests.swift in Sources */,
				F53E036E2122DE49004C5E13 /* ScrollableTabsViewControllerTests.swift in Sources */,
				F5D37D1F2289BDE60051EA82 /* NSAttributedStringTests.swift in Sources */,
			);
			runOnlyForDeploymentPostprocessing = 0;
		};
/* End PBXSourcesBuildPhase section */

/* Begin PBXTargetDependency section */
		EBB3CECA1E50C60B0063303C /* PBXTargetDependency */ = {
			isa = PBXTargetDependency;
			target = EBB3CEB41E50C60B0063303C /* BSWInterfaceKitDemo */;
			targetProxy = EBB3CEC91E50C60B0063303C /* PBXContainerItemProxy */;
		};
/* End PBXTargetDependency section */

/* Begin PBXVariantGroup section */
		EBB3CEC01E50C60B0063303C /* LaunchScreen.storyboard */ = {
			isa = PBXVariantGroup;
			children = (
				EBB3CEC11E50C60B0063303C /* Base */,
			);
			name = LaunchScreen.storyboard;
			sourceTree = "<group>";
		};
/* End PBXVariantGroup section */

/* Begin XCBuildConfiguration section */
		74A34EA70861D8193EFE1E05 /* Debug */ = {
			isa = XCBuildConfiguration;
			buildSettings = {
				ALWAYS_SEARCH_USER_PATHS = NO;
				CLANG_ANALYZER_NONNULL = YES;
				CLANG_CXX_LANGUAGE_STANDARD = "gnu++0x";
				CLANG_CXX_LIBRARY = "libc++";
				CLANG_ENABLE_MODULES = YES;
				CLANG_ENABLE_OBJC_ARC = YES;
				CLANG_WARN_BLOCK_CAPTURE_AUTORELEASING = YES;
				CLANG_WARN_BOOL_CONVERSION = YES;
				CLANG_WARN_COMMA = YES;
				CLANG_WARN_CONSTANT_CONVERSION = YES;
				CLANG_WARN_DEPRECATED_OBJC_IMPLEMENTATIONS = YES;
				CLANG_WARN_DIRECT_OBJC_ISA_USAGE = YES;
				CLANG_WARN_EMPTY_BODY = YES;
				CLANG_WARN_ENUM_CONVERSION = YES;
				CLANG_WARN_INFINITE_RECURSION = YES;
				CLANG_WARN_INT_CONVERSION = YES;
				CLANG_WARN_NON_LITERAL_NULL_CONVERSION = YES;
				CLANG_WARN_OBJC_IMPLICIT_RETAIN_SELF = YES;
				CLANG_WARN_OBJC_LITERAL_CONVERSION = YES;
				CLANG_WARN_OBJC_ROOT_CLASS = YES;
				CLANG_WARN_RANGE_LOOP_ANALYSIS = YES;
				CLANG_WARN_STRICT_PROTOTYPES = YES;
				CLANG_WARN_SUSPICIOUS_MOVE = YES;
				CLANG_WARN_UNREACHABLE_CODE = YES;
				CLANG_WARN__DUPLICATE_METHOD_MATCH = YES;
				COPY_PHASE_STRIP = NO;
				ENABLE_STRICT_OBJC_MSGSEND = YES;
				ENABLE_TESTABILITY = YES;
				GCC_C_LANGUAGE_STANDARD = gnu99;
				GCC_DYNAMIC_NO_PIC = NO;
				GCC_NO_COMMON_BLOCKS = YES;
				GCC_OPTIMIZATION_LEVEL = 0;
				GCC_PREPROCESSOR_DEFINITIONS = (
					"DEBUG=1",
					"$(inherited)",
				);
				GCC_SYMBOLS_PRIVATE_EXTERN = NO;
				GCC_WARN_64_TO_32_BIT_CONVERSION = YES;
				GCC_WARN_ABOUT_RETURN_TYPE = YES;
				GCC_WARN_UNDECLARED_SELECTOR = YES;
				GCC_WARN_UNINITIALIZED_AUTOS = YES;
				GCC_WARN_UNUSED_FUNCTION = YES;
				GCC_WARN_UNUSED_VARIABLE = YES;
				IPHONEOS_DEPLOYMENT_TARGET = 11.0;
				ONLY_ACTIVE_ARCH = YES;
				SWIFT_VERSION = 5.0;
			};
			name = Debug;
		};
		A7AAE68B6D6B62A71D1B52CA /* Release */ = {
			isa = XCBuildConfiguration;
			buildSettings = {
				ALWAYS_SEARCH_USER_PATHS = NO;
				CLANG_ANALYZER_NONNULL = YES;
				CLANG_CXX_LANGUAGE_STANDARD = "gnu++0x";
				CLANG_CXX_LIBRARY = "libc++";
				CLANG_ENABLE_MODULES = YES;
				CLANG_ENABLE_OBJC_ARC = YES;
				CLANG_WARN_BLOCK_CAPTURE_AUTORELEASING = YES;
				CLANG_WARN_BOOL_CONVERSION = YES;
				CLANG_WARN_COMMA = YES;
				CLANG_WARN_CONSTANT_CONVERSION = YES;
				CLANG_WARN_DEPRECATED_OBJC_IMPLEMENTATIONS = YES;
				CLANG_WARN_DIRECT_OBJC_ISA_USAGE = YES;
				CLANG_WARN_EMPTY_BODY = YES;
				CLANG_WARN_ENUM_CONVERSION = YES;
				CLANG_WARN_INFINITE_RECURSION = YES;
				CLANG_WARN_INT_CONVERSION = YES;
				CLANG_WARN_NON_LITERAL_NULL_CONVERSION = YES;
				CLANG_WARN_OBJC_IMPLICIT_RETAIN_SELF = YES;
				CLANG_WARN_OBJC_LITERAL_CONVERSION = YES;
				CLANG_WARN_OBJC_ROOT_CLASS = YES;
				CLANG_WARN_RANGE_LOOP_ANALYSIS = YES;
				CLANG_WARN_STRICT_PROTOTYPES = YES;
				CLANG_WARN_SUSPICIOUS_MOVE = YES;
				CLANG_WARN_UNREACHABLE_CODE = YES;
				CLANG_WARN__DUPLICATE_METHOD_MATCH = YES;
				COPY_PHASE_STRIP = YES;
				ENABLE_NS_ASSERTIONS = NO;
				ENABLE_STRICT_OBJC_MSGSEND = YES;
				GCC_C_LANGUAGE_STANDARD = gnu99;
				GCC_NO_COMMON_BLOCKS = YES;
				GCC_WARN_64_TO_32_BIT_CONVERSION = YES;
				GCC_WARN_ABOUT_RETURN_TYPE = YES;
				GCC_WARN_UNDECLARED_SELECTOR = YES;
				GCC_WARN_UNINITIALIZED_AUTOS = YES;
				GCC_WARN_UNUSED_FUNCTION = YES;
				GCC_WARN_UNUSED_VARIABLE = YES;
				IPHONEOS_DEPLOYMENT_TARGET = 11.0;
				SWIFT_OPTIMIZATION_LEVEL = "-Owholemodule";
				SWIFT_VERSION = 5.0;
				VALIDATE_PRODUCT = YES;
			};
			name = Release;
		};
		EBB3CED01E50C60B0063303C /* Debug */ = {
			isa = XCBuildConfiguration;
			baseConfigurationReference = 22BE3756D7FD5750FD847EF6 /* Pods-BSWInterfaceKitDemo.debug.xcconfig */;
			buildSettings = {
				ASSETCATALOG_COMPILER_APPICON_NAME = AppIcon;
				CLANG_WARN_DIRECT_OBJC_ISA_USAGE = YES_ERROR;
				CLANG_WARN_DOCUMENTATION_COMMENTS = YES;
				CLANG_WARN_INFINITE_RECURSION = YES;
				CLANG_WARN_OBJC_ROOT_CLASS = YES_ERROR;
				CLANG_WARN_SUSPICIOUS_MOVE = YES;
				"CODE_SIGN_IDENTITY[sdk=iphoneos*]" = "iPhone Developer";
				DEBUG_INFORMATION_FORMAT = dwarf;
				DEVELOPMENT_TEAM = JC3H35UYFP;
				ENABLE_STRICT_OBJC_MSGSEND = YES;
				GCC_NO_COMMON_BLOCKS = YES;
				GCC_WARN_ABOUT_RETURN_TYPE = YES_ERROR;
				GCC_WARN_UNINITIALIZED_AUTOS = YES_AGGRESSIVE;
				INFOPLIST_FILE = BSWInterfaceKitDemo/Info.plist;
				LD_RUNPATH_SEARCH_PATHS = "$(inherited) @executable_path/Frameworks";
				MTL_ENABLE_DEBUG_INFO = YES;
				PRODUCT_BUNDLE_IDENTIFIER = com.blursoftware.BSWInterfaceKitDemo;
				PRODUCT_NAME = "$(TARGET_NAME)";
				SDKROOT = iphoneos;
				SWIFT_ACTIVE_COMPILATION_CONDITIONS = DEBUG;
				SWIFT_OPTIMIZATION_LEVEL = "-Onone";
				TARGETED_DEVICE_FAMILY = "1,2";
			};
			name = Debug;
		};
		EBB3CED11E50C60B0063303C /* Release */ = {
			isa = XCBuildConfiguration;
			baseConfigurationReference = 9F7FF3CE5CEED46194483C28 /* Pods-BSWInterfaceKitDemo.release.xcconfig */;
			buildSettings = {
				ASSETCATALOG_COMPILER_APPICON_NAME = AppIcon;
				CLANG_WARN_DIRECT_OBJC_ISA_USAGE = YES_ERROR;
				CLANG_WARN_DOCUMENTATION_COMMENTS = YES;
				CLANG_WARN_INFINITE_RECURSION = YES;
				CLANG_WARN_OBJC_ROOT_CLASS = YES_ERROR;
				CLANG_WARN_SUSPICIOUS_MOVE = YES;
				"CODE_SIGN_IDENTITY[sdk=iphoneos*]" = "iPhone Developer";
				COPY_PHASE_STRIP = NO;
				DEBUG_INFORMATION_FORMAT = "dwarf-with-dsym";
				DEVELOPMENT_TEAM = JC3H35UYFP;
				ENABLE_STRICT_OBJC_MSGSEND = YES;
				GCC_NO_COMMON_BLOCKS = YES;
				GCC_WARN_ABOUT_RETURN_TYPE = YES_ERROR;
				GCC_WARN_UNINITIALIZED_AUTOS = YES_AGGRESSIVE;
				INFOPLIST_FILE = BSWInterfaceKitDemo/Info.plist;
				LD_RUNPATH_SEARCH_PATHS = "$(inherited) @executable_path/Frameworks";
				MTL_ENABLE_DEBUG_INFO = NO;
				PRODUCT_BUNDLE_IDENTIFIER = com.blursoftware.BSWInterfaceKitDemo;
				PRODUCT_NAME = "$(TARGET_NAME)";
				SDKROOT = iphoneos;
				SWIFT_OPTIMIZATION_LEVEL = "-Owholemodule";
				TARGETED_DEVICE_FAMILY = "1,2";
			};
			name = Release;
		};
		EBB3CED31E50C60B0063303C /* Debug */ = {
			isa = XCBuildConfiguration;
			baseConfigurationReference = 05D2CCE9EC50FDB1F039867D /* Pods-BSWInterfaceKitDemoTests.debug.xcconfig */;
			buildSettings = {
				BUNDLE_LOADER = "$(TEST_HOST)";
				CLANG_WARN_DIRECT_OBJC_ISA_USAGE = YES_ERROR;
				CLANG_WARN_DOCUMENTATION_COMMENTS = YES;
				CLANG_WARN_INFINITE_RECURSION = YES;
				CLANG_WARN_OBJC_ROOT_CLASS = YES_ERROR;
				CLANG_WARN_SUSPICIOUS_MOVE = YES;
				"CODE_SIGN_IDENTITY[sdk=iphoneos*]" = "iPhone Developer";
				DEBUG_INFORMATION_FORMAT = dwarf;
				DEVELOPMENT_TEAM = JC3H35UYFP;
				ENABLE_STRICT_OBJC_MSGSEND = YES;
				GCC_NO_COMMON_BLOCKS = YES;
				GCC_WARN_ABOUT_RETURN_TYPE = YES_ERROR;
				GCC_WARN_UNINITIALIZED_AUTOS = YES_AGGRESSIVE;
				INFOPLIST_FILE = BSWInterfaceKitDemoTests/Info.plist;
				LD_RUNPATH_SEARCH_PATHS = "$(inherited) @executable_path/Frameworks @loader_path/Frameworks";
				MTL_ENABLE_DEBUG_INFO = YES;
				PRODUCT_BUNDLE_IDENTIFIER = com.blursoftware.BSWInterfaceKitDemoTests;
				PRODUCT_NAME = "$(TARGET_NAME)";
				SDKROOT = iphoneos;
				SWIFT_ACTIVE_COMPILATION_CONDITIONS = DEBUG;
				SWIFT_OPTIMIZATION_LEVEL = "-Onone";
				TEST_HOST = "$(BUILT_PRODUCTS_DIR)/BSWInterfaceKitDemo.app/BSWInterfaceKitDemo";
			};
			name = Debug;
		};
		EBB3CED41E50C60B0063303C /* Release */ = {
			isa = XCBuildConfiguration;
			baseConfigurationReference = 38863D8FF3DBF00755FEC550 /* Pods-BSWInterfaceKitDemoTests.release.xcconfig */;
			buildSettings = {
				BUNDLE_LOADER = "$(TEST_HOST)";
				CLANG_WARN_DIRECT_OBJC_ISA_USAGE = YES_ERROR;
				CLANG_WARN_DOCUMENTATION_COMMENTS = YES;
				CLANG_WARN_INFINITE_RECURSION = YES;
				CLANG_WARN_OBJC_ROOT_CLASS = YES_ERROR;
				CLANG_WARN_SUSPICIOUS_MOVE = YES;
				"CODE_SIGN_IDENTITY[sdk=iphoneos*]" = "iPhone Developer";
				COPY_PHASE_STRIP = NO;
				DEBUG_INFORMATION_FORMAT = "dwarf-with-dsym";
				DEVELOPMENT_TEAM = JC3H35UYFP;
				ENABLE_STRICT_OBJC_MSGSEND = YES;
				GCC_NO_COMMON_BLOCKS = YES;
				GCC_WARN_ABOUT_RETURN_TYPE = YES_ERROR;
				GCC_WARN_UNINITIALIZED_AUTOS = YES_AGGRESSIVE;
				INFOPLIST_FILE = BSWInterfaceKitDemoTests/Info.plist;
				LD_RUNPATH_SEARCH_PATHS = "$(inherited) @executable_path/Frameworks @loader_path/Frameworks";
				MTL_ENABLE_DEBUG_INFO = NO;
				PRODUCT_BUNDLE_IDENTIFIER = com.blursoftware.BSWInterfaceKitDemoTests;
				PRODUCT_NAME = "$(TARGET_NAME)";
				SDKROOT = iphoneos;
				SWIFT_OPTIMIZATION_LEVEL = "-Owholemodule";
				TEST_HOST = "$(BUILT_PRODUCTS_DIR)/BSWInterfaceKitDemo.app/BSWInterfaceKitDemo";
			};
			name = Release;
		};
/* End XCBuildConfiguration section */

/* Begin XCConfigurationList section */
		EBB3CECF1E50C60B0063303C /* Build configuration list for PBXNativeTarget "BSWInterfaceKitDemo" */ = {
			isa = XCConfigurationList;
			buildConfigurations = (
				EBB3CED01E50C60B0063303C /* Debug */,
				EBB3CED11E50C60B0063303C /* Release */,
			);
			defaultConfigurationIsVisible = 0;
			defaultConfigurationName = Release;
		};
		EBB3CED21E50C60B0063303C /* Build configuration list for PBXNativeTarget "BSWInterfaceKitDemoTests" */ = {
			isa = XCConfigurationList;
			buildConfigurations = (
				EBB3CED31E50C60B0063303C /* Debug */,
				EBB3CED41E50C60B0063303C /* Release */,
			);
			defaultConfigurationIsVisible = 0;
			defaultConfigurationName = Release;
		};
		FE4F034E9E58ACAC0A5BF1A4 /* Build configuration list for PBXProject "BSWInterfaceKit" */ = {
			isa = XCConfigurationList;
			buildConfigurations = (
				74A34EA70861D8193EFE1E05 /* Debug */,
				A7AAE68B6D6B62A71D1B52CA /* Release */,
			);
			defaultConfigurationIsVisible = 0;
			defaultConfigurationName = Release;
		};
/* End XCConfigurationList section */
	};
	rootObject = D427AA8E5E06E105148C9250 /* Project object */;
}
