// !$*UTF8*$!
{
	archiveVersion = 1;
	classes = {
	};
	objectVersion = 46;
	objects = {

/* Begin PBXBuildFile section */
		50D4D83F404EAAEEDC6377B5 /* Foundation.framework in Frameworks */ = {isa = PBXBuildFile; fileRef = 876CB44B6FD0A748932B75CC /* Foundation.framework */; };
		72F0AADF6E81A3F0D9EC99DD /* Pods_Common_BSWInterfaceKitDemo.framework in Frameworks */ = {isa = PBXBuildFile; fileRef = 089FF9700D561CEA999D7CEB /* Pods_Common_BSWInterfaceKitDemo.framework */; };
		B7425825432A9629D2494D43 /* Pods_BSWInterfaceKitDemoTests.framework in Frameworks */ = {isa = PBXBuildFile; fileRef = 9BD8FDEA21CC6950FA03B8CE /* Pods_BSWInterfaceKitDemoTests.framework */; };
		C82A93634D8C1483D2A3CC5C /* Pods_Common_BSWInterfaceKitPlayground.framework in Frameworks */ = {isa = PBXBuildFile; fileRef = BB121209232B337A83D0E7BF /* Pods_Common_BSWInterfaceKitPlayground.framework */; };
		EBB3CEB81E50C60B0063303C /* AppDelegate.swift in Sources */ = {isa = PBXBuildFile; fileRef = EBB3CEB71E50C60B0063303C /* AppDelegate.swift */; };
		EBB3CEBA1E50C60B0063303C /* FeaturesViewController.swift in Sources */ = {isa = PBXBuildFile; fileRef = EBB3CEB91E50C60B0063303C /* FeaturesViewController.swift */; };
		EBB3CEBF1E50C60B0063303C /* Assets.xcassets in Resources */ = {isa = PBXBuildFile; fileRef = EBB3CEBE1E50C60B0063303C /* Assets.xcassets */; };
		EBB3CEC21E50C60B0063303C /* LaunchScreen.storyboard in Resources */ = {isa = PBXBuildFile; fileRef = EBB3CEC01E50C60B0063303C /* LaunchScreen.storyboard */; };
		EBB3CECD1E50C60B0063303C /* ClassicProfileViewControllerTests.swift in Sources */ = {isa = PBXBuildFile; fileRef = EBB3CECC1E50C60B0063303C /* ClassicProfileViewControllerTests.swift */; };
		EBBB9FAD1E7BF0FE000F1232 /* StrawberryViewController.swift in Sources */ = {isa = PBXBuildFile; fileRef = EBBB9FAC1E7BF0FE000F1232 /* StrawberryViewController.swift */; };
		EBBB9FAF1E7BF524000F1232 /* FruitViewController.swift in Sources */ = {isa = PBXBuildFile; fileRef = EBBB9FAE1E7BF524000F1232 /* FruitViewController.swift */; };
		EBD6D20D1E50E43800D4CBFA /* BSWSnapshotTest.swift in Sources */ = {isa = PBXBuildFile; fileRef = EBD6D20C1E50E43800D4CBFA /* BSWSnapshotTest.swift */; };
/* End PBXBuildFile section */

/* Begin PBXContainerItemProxy section */
		EBB3CEC91E50C60B0063303C /* PBXContainerItemProxy */ = {
			isa = PBXContainerItemProxy;
			containerPortal = D427AA8E5E06E105148C9250 /* Project object */;
			proxyType = 1;
			remoteGlobalIDString = EBB3CEB41E50C60B0063303C;
			remoteInfo = BSWInterfaceKitDemo;
		};
/* End PBXContainerItemProxy section */

/* Begin PBXFileReference section */
		053162F30068FA295473A9D8 /* BSWInterfaceKit.playground */ = {isa = PBXFileReference; includeInIndex = 1; lastKnownFileType = file.playground; path = BSWInterfaceKit.playground; sourceTree = "<group>"; };
		0753E2B40FC31F8E675998D1 /* Pods-Common-BSWInterfaceKitDemo.release.xcconfig */ = {isa = PBXFileReference; includeInIndex = 1; lastKnownFileType = text.xcconfig; name = "Pods-Common-BSWInterfaceKitDemo.release.xcconfig"; path = "Pods/Target Support Files/Pods-Common-BSWInterfaceKitDemo/Pods-Common-BSWInterfaceKitDemo.release.xcconfig"; sourceTree = "<group>"; };
		089FF9700D561CEA999D7CEB /* Pods_Common_BSWInterfaceKitDemo.framework */ = {isa = PBXFileReference; explicitFileType = wrapper.framework; includeInIndex = 0; path = Pods_Common_BSWInterfaceKitDemo.framework; sourceTree = BUILT_PRODUCTS_DIR; };
		16E13958ABB91142B93EC0DD /* Pods-Common-BSWInterfaceKitPlayground.release.xcconfig */ = {isa = PBXFileReference; includeInIndex = 1; lastKnownFileType = text.xcconfig; name = "Pods-Common-BSWInterfaceKitPlayground.release.xcconfig"; path = "Pods/Target Support Files/Pods-Common-BSWInterfaceKitPlayground/Pods-Common-BSWInterfaceKitPlayground.release.xcconfig"; sourceTree = "<group>"; };
		584BCD31C8DFF8A423DC1CBC /* Pods-Common-BSWInterfaceKitPlayground.debug.xcconfig */ = {isa = PBXFileReference; includeInIndex = 1; lastKnownFileType = text.xcconfig; name = "Pods-Common-BSWInterfaceKitPlayground.debug.xcconfig"; path = "Pods/Target Support Files/Pods-Common-BSWInterfaceKitPlayground/Pods-Common-BSWInterfaceKitPlayground.debug.xcconfig"; sourceTree = "<group>"; };
		876CB44B6FD0A748932B75CC /* Foundation.framework */ = {isa = PBXFileReference; lastKnownFileType = wrapper.framework; name = Foundation.framework; path = Platforms/iPhoneOS.platform/Developer/SDKs/iPhoneOS9.3.sdk/System/Library/Frameworks/Foundation.framework; sourceTree = DEVELOPER_DIR; };
		88F067BBD22E91A5A11D13CD /* Pods-Common-BSWInterfaceKitDemo.debug.xcconfig */ = {isa = PBXFileReference; includeInIndex = 1; lastKnownFileType = text.xcconfig; name = "Pods-Common-BSWInterfaceKitDemo.debug.xcconfig"; path = "Pods/Target Support Files/Pods-Common-BSWInterfaceKitDemo/Pods-Common-BSWInterfaceKitDemo.debug.xcconfig"; sourceTree = "<group>"; };
		9BD8FDEA21CC6950FA03B8CE /* Pods_BSWInterfaceKitDemoTests.framework */ = {isa = PBXFileReference; explicitFileType = wrapper.framework; includeInIndex = 0; path = Pods_BSWInterfaceKitDemoTests.framework; sourceTree = BUILT_PRODUCTS_DIR; };
		BB121209232B337A83D0E7BF /* Pods_Common_BSWInterfaceKitPlayground.framework */ = {isa = PBXFileReference; explicitFileType = wrapper.framework; includeInIndex = 0; path = Pods_Common_BSWInterfaceKitPlayground.framework; sourceTree = BUILT_PRODUCTS_DIR; };
		D898CFB9CD31BED2463F8BD6 /* Pods_BSWInterfaceKitPlayground.framework */ = {isa = PBXFileReference; explicitFileType = wrapper.framework; includeInIndex = 0; path = Pods_BSWInterfaceKitPlayground.framework; sourceTree = BUILT_PRODUCTS_DIR; };
		DF76EAB8EBDD82E323AD7CEB /* Pods_Common_Tests.framework */ = {isa = PBXFileReference; explicitFileType = wrapper.framework; includeInIndex = 0; path = Pods_Common_Tests.framework; sourceTree = BUILT_PRODUCTS_DIR; };
		E5F363682ECCCD041FC95D1C /* Pods-BSWInterfaceKitDemoTests.debug.xcconfig */ = {isa = PBXFileReference; includeInIndex = 1; lastKnownFileType = text.xcconfig; name = "Pods-BSWInterfaceKitDemoTests.debug.xcconfig"; path = "Pods/Target Support Files/Pods-BSWInterfaceKitDemoTests/Pods-BSWInterfaceKitDemoTests.debug.xcconfig"; sourceTree = "<group>"; };
		EBB3CEB01E50C59E0063303C /* BSWInterfaceKit.podspec */ = {isa = PBXFileReference; lastKnownFileType = text; path = BSWInterfaceKit.podspec; sourceTree = "<group>"; };
		EBB3CEB51E50C60B0063303C /* BSWInterfaceKitDemo.app */ = {isa = PBXFileReference; explicitFileType = wrapper.application; includeInIndex = 0; path = BSWInterfaceKitDemo.app; sourceTree = BUILT_PRODUCTS_DIR; };
		EBB3CEB71E50C60B0063303C /* AppDelegate.swift */ = {isa = PBXFileReference; lastKnownFileType = sourcecode.swift; path = AppDelegate.swift; sourceTree = "<group>"; };
		EBB3CEB91E50C60B0063303C /* FeaturesViewController.swift */ = {isa = PBXFileReference; lastKnownFileType = sourcecode.swift; path = FeaturesViewController.swift; sourceTree = "<group>"; };
		EBB3CEBE1E50C60B0063303C /* Assets.xcassets */ = {isa = PBXFileReference; lastKnownFileType = folder.assetcatalog; path = Assets.xcassets; sourceTree = "<group>"; };
		EBB3CEC11E50C60B0063303C /* Base */ = {isa = PBXFileReference; lastKnownFileType = file.storyboard; name = Base; path = Base.lproj/LaunchScreen.storyboard; sourceTree = "<group>"; };
		EBB3CEC31E50C60B0063303C /* Info.plist */ = {isa = PBXFileReference; lastKnownFileType = text.plist.xml; path = Info.plist; sourceTree = "<group>"; };
		EBB3CEC81E50C60B0063303C /* BSWInterfaceKitDemoTests.xctest */ = {isa = PBXFileReference; explicitFileType = wrapper.cfbundle; includeInIndex = 0; path = BSWInterfaceKitDemoTests.xctest; sourceTree = BUILT_PRODUCTS_DIR; };
		EBB3CECC1E50C60B0063303C /* ClassicProfileViewControllerTests.swift */ = {isa = PBXFileReference; lastKnownFileType = sourcecode.swift; path = ClassicProfileViewControllerTests.swift; sourceTree = "<group>"; };
		EBB3CECE1E50C60B0063303C /* Info.plist */ = {isa = PBXFileReference; lastKnownFileType = text.plist.xml; path = Info.plist; sourceTree = "<group>"; };
		EBBB9FAC1E7BF0FE000F1232 /* StrawberryViewController.swift */ = {isa = PBXFileReference; fileEncoding = 4; lastKnownFileType = sourcecode.swift; path = StrawberryViewController.swift; sourceTree = "<group>"; };
		EBBB9FAE1E7BF524000F1232 /* FruitViewController.swift */ = {isa = PBXFileReference; fileEncoding = 4; lastKnownFileType = sourcecode.swift; path = FruitViewController.swift; sourceTree = "<group>"; };
		EBD6D20C1E50E43800D4CBFA /* BSWSnapshotTest.swift */ = {isa = PBXFileReference; fileEncoding = 4; lastKnownFileType = sourcecode.swift; path = BSWSnapshotTest.swift; sourceTree = "<group>"; };
		ECAD9F0C9D88CCEA59E28B8D /* Pods-BSWInterfaceKitDemoTests.release.xcconfig */ = {isa = PBXFileReference; includeInIndex = 1; lastKnownFileType = text.xcconfig; name = "Pods-BSWInterfaceKitDemoTests.release.xcconfig"; path = "Pods/Target Support Files/Pods-BSWInterfaceKitDemoTests/Pods-BSWInterfaceKitDemoTests.release.xcconfig"; sourceTree = "<group>"; };
		EE043E195E238D065AE621AF /* BSWInterfaceKitPlayground.framework */ = {isa = PBXFileReference; explicitFileType = wrapper.framework; includeInIndex = 0; path = BSWInterfaceKitPlayground.framework; sourceTree = BUILT_PRODUCTS_DIR; };
/* End PBXFileReference section */

/* Begin PBXFrameworksBuildPhase section */
		28908B347CB6B0F073742631 /* Frameworks */ = {
			isa = PBXFrameworksBuildPhase;
			buildActionMask = 2147483647;
			files = (
				50D4D83F404EAAEEDC6377B5 /* Foundation.framework in Frameworks */,
				C82A93634D8C1483D2A3CC5C /* Pods_Common_BSWInterfaceKitPlayground.framework in Frameworks */,
			);
			runOnlyForDeploymentPostprocessing = 0;
		};
		EBB3CEB21E50C60B0063303C /* Frameworks */ = {
			isa = PBXFrameworksBuildPhase;
			buildActionMask = 2147483647;
			files = (
				72F0AADF6E81A3F0D9EC99DD /* Pods_Common_BSWInterfaceKitDemo.framework in Frameworks */,
			);
			runOnlyForDeploymentPostprocessing = 0;
		};
		EBB3CEC51E50C60B0063303C /* Frameworks */ = {
			isa = PBXFrameworksBuildPhase;
			buildActionMask = 2147483647;
			files = (
				B7425825432A9629D2494D43 /* Pods_BSWInterfaceKitDemoTests.framework in Frameworks */,
			);
			runOnlyForDeploymentPostprocessing = 0;
		};
/* End PBXFrameworksBuildPhase section */

/* Begin PBXGroup section */
		421629A8412B159ACA82BB03 = {
			isa = PBXGroup;
			children = (
				EBB3CEB01E50C59E0063303C /* BSWInterfaceKit.podspec */,
				053162F30068FA295473A9D8 /* BSWInterfaceKit.playground */,
				EBB3CEB61E50C60B0063303C /* BSWInterfaceKitDemo */,
				EBB3CECB1E50C60B0063303C /* BSWInterfaceKitDemoTests */,
				9F252AEF9DC385C64E668E8B /* Products */,
				E8668C1A6301F6D5C33A656D /* Frameworks */,
				7B54BF0681DDCE081CC3A8C5 /* Pods */,
			);
			sourceTree = "<group>";
		};
		7B54BF0681DDCE081CC3A8C5 /* Pods */ = {
			isa = PBXGroup;
			children = (
				16E13958ABB91142B93EC0DD /* Pods-Common-BSWInterfaceKitPlayground.release.xcconfig */,
				584BCD31C8DFF8A423DC1CBC /* Pods-Common-BSWInterfaceKitPlayground.debug.xcconfig */,
				88F067BBD22E91A5A11D13CD /* Pods-Common-BSWInterfaceKitDemo.debug.xcconfig */,
				0753E2B40FC31F8E675998D1 /* Pods-Common-BSWInterfaceKitDemo.release.xcconfig */,
				E5F363682ECCCD041FC95D1C /* Pods-BSWInterfaceKitDemoTests.debug.xcconfig */,
				ECAD9F0C9D88CCEA59E28B8D /* Pods-BSWInterfaceKitDemoTests.release.xcconfig */,
			);
			name = Pods;
			sourceTree = "<group>";
		};
		9F252AEF9DC385C64E668E8B /* Products */ = {
			isa = PBXGroup;
			children = (
				EE043E195E238D065AE621AF /* BSWInterfaceKitPlayground.framework */,
				EBB3CEB51E50C60B0063303C /* BSWInterfaceKitDemo.app */,
				EBB3CEC81E50C60B0063303C /* BSWInterfaceKitDemoTests.xctest */,
			);
			name = Products;
			sourceTree = "<group>";
		};
		B6DC4EF26191BD13C50CD2E9 /* iOS */ = {
			isa = PBXGroup;
			children = (
				876CB44B6FD0A748932B75CC /* Foundation.framework */,
			);
			name = iOS;
			sourceTree = "<group>";
		};
		E8668C1A6301F6D5C33A656D /* Frameworks */ = {
			isa = PBXGroup;
			children = (
				B6DC4EF26191BD13C50CD2E9 /* iOS */,
				D898CFB9CD31BED2463F8BD6 /* Pods_BSWInterfaceKitPlayground.framework */,
				BB121209232B337A83D0E7BF /* Pods_Common_BSWInterfaceKitPlayground.framework */,
				DF76EAB8EBDD82E323AD7CEB /* Pods_Common_Tests.framework */,
				089FF9700D561CEA999D7CEB /* Pods_Common_BSWInterfaceKitDemo.framework */,
				9BD8FDEA21CC6950FA03B8CE /* Pods_BSWInterfaceKitDemoTests.framework */,
			);
			name = Frameworks;
			sourceTree = "<group>";
		};
		EBB3CEB61E50C60B0063303C /* BSWInterfaceKitDemo */ = {
			isa = PBXGroup;
			children = (
				EBB3CEB71E50C60B0063303C /* AppDelegate.swift */,
				EBB3CEB91E50C60B0063303C /* FeaturesViewController.swift */,
				EBBB9FAC1E7BF0FE000F1232 /* StrawberryViewController.swift */,
				EBBB9FAE1E7BF524000F1232 /* FruitViewController.swift */,
				EBB3CEBE1E50C60B0063303C /* Assets.xcassets */,
				EBB3CEC01E50C60B0063303C /* LaunchScreen.storyboard */,
				EBB3CEC31E50C60B0063303C /* Info.plist */,
			);
			path = BSWInterfaceKitDemo;
			sourceTree = "<group>";
		};
		EBB3CECB1E50C60B0063303C /* BSWInterfaceKitDemoTests */ = {
			isa = PBXGroup;
			children = (
				EBB3CECC1E50C60B0063303C /* ClassicProfileViewControllerTests.swift */,
				EBD6D20C1E50E43800D4CBFA /* BSWSnapshotTest.swift */,
				EBB3CECE1E50C60B0063303C /* Info.plist */,
			);
			path = BSWInterfaceKitDemoTests;
			sourceTree = "<group>";
		};
/* End PBXGroup section */

/* Begin PBXNativeTarget section */
		811756A7ED7C47363E70191C /* BSWInterfaceKitPlayground */ = {
			isa = PBXNativeTarget;
			buildConfigurationList = E88F2CA112F0BAEC01187C5B /* Build configuration list for PBXNativeTarget "BSWInterfaceKitPlayground" */;
			buildPhases = (
				BCC4200DCC4FA6E9C3F3B21D /* [CP] Check Pods Manifest.lock */,
				52CF01F7CF1014615BB1B8E6 /* Sources */,
				28908B347CB6B0F073742631 /* Frameworks */,
				F71C39473AB61DD265A4CD72 /* [CP] Copy Pods Resources */,
			);
			buildRules = (
			);
			dependencies = (
			);
			name = BSWInterfaceKitPlayground;
			productName = BSWInterfaceKitPlayground;
			productReference = EE043E195E238D065AE621AF /* BSWInterfaceKitPlayground.framework */;
			productType = "com.apple.product-type.framework";
		};
		EBB3CEB41E50C60B0063303C /* BSWInterfaceKitDemo */ = {
			isa = PBXNativeTarget;
			buildConfigurationList = EBB3CECF1E50C60B0063303C /* Build configuration list for PBXNativeTarget "BSWInterfaceKitDemo" */;
			buildPhases = (
				666EF80A72E403B347578EE2 /* [CP] Check Pods Manifest.lock */,
				EBB3CEB11E50C60B0063303C /* Sources */,
				EBB3CEB21E50C60B0063303C /* Frameworks */,
				EBB3CEB31E50C60B0063303C /* Resources */,
				CEA434E0BAE8B33DBB84EEEB /* [CP] Embed Pods Frameworks */,
				799F2C880118C411BDEB4E08 /* [CP] Copy Pods Resources */,
			);
			buildRules = (
			);
			dependencies = (
			);
			name = BSWInterfaceKitDemo;
			productName = BSWInterfaceKitDemo;
			productReference = EBB3CEB51E50C60B0063303C /* BSWInterfaceKitDemo.app */;
			productType = "com.apple.product-type.application";
		};
		EBB3CEC71E50C60B0063303C /* BSWInterfaceKitDemoTests */ = {
			isa = PBXNativeTarget;
			buildConfigurationList = EBB3CED21E50C60B0063303C /* Build configuration list for PBXNativeTarget "BSWInterfaceKitDemoTests" */;
			buildPhases = (
				7AEB98E389FE4ECCEFB23D54 /* [CP] Check Pods Manifest.lock */,
				EBB3CEC41E50C60B0063303C /* Sources */,
				EBB3CEC51E50C60B0063303C /* Frameworks */,
				EBB3CEC61E50C60B0063303C /* Resources */,
				40041426D255998298F7E7F1 /* [CP] Embed Pods Frameworks */,
				9ED9C678B9D2FBFA789B2234 /* [CP] Copy Pods Resources */,
			);
			buildRules = (
			);
			dependencies = (
				EBB3CECA1E50C60B0063303C /* PBXTargetDependency */,
			);
			name = BSWInterfaceKitDemoTests;
			productName = BSWInterfaceKitDemoTests;
			productReference = EBB3CEC81E50C60B0063303C /* BSWInterfaceKitDemoTests.xctest */;
			productType = "com.apple.product-type.bundle.unit-test";
		};
/* End PBXNativeTarget section */

/* Begin PBXProject section */
		D427AA8E5E06E105148C9250 /* Project object */ = {
			isa = PBXProject;
			attributes = {
				LastSwiftUpdateCheck = 0820;
				LastUpgradeCheck = 0700;
				TargetAttributes = {
					811756A7ED7C47363E70191C = {
						LastSwiftMigration = 0800;
					};
					EBB3CEB41E50C60B0063303C = {
						CreatedOnToolsVersion = 8.2.1;
						DevelopmentTeam = JC3H35UYFP;
						ProvisioningStyle = Automatic;
					};
					EBB3CEC71E50C60B0063303C = {
						CreatedOnToolsVersion = 8.2.1;
						DevelopmentTeam = JC3H35UYFP;
						ProvisioningStyle = Automatic;
						TestTargetID = EBB3CEB41E50C60B0063303C;
					};
				};
			};
			buildConfigurationList = FE4F034E9E58ACAC0A5BF1A4 /* Build configuration list for PBXProject "BSWInterfaceKit" */;
			compatibilityVersion = "Xcode 3.2";
			developmentRegion = English;
			hasScannedForEncodings = 0;
			knownRegions = (
				en,
				Base,
			);
			mainGroup = 421629A8412B159ACA82BB03;
			productRefGroup = 9F252AEF9DC385C64E668E8B /* Products */;
			projectDirPath = "";
			projectRoot = "";
			targets = (
				811756A7ED7C47363E70191C /* BSWInterfaceKitPlayground */,
				EBB3CEB41E50C60B0063303C /* BSWInterfaceKitDemo */,
				EBB3CEC71E50C60B0063303C /* BSWInterfaceKitDemoTests */,
			);
		};
/* End PBXProject section */

/* Begin PBXResourcesBuildPhase section */
		EBB3CEB31E50C60B0063303C /* Resources */ = {
			isa = PBXResourcesBuildPhase;
			buildActionMask = 2147483647;
			files = (
				EBB3CEC21E50C60B0063303C /* LaunchScreen.storyboard in Resources */,
				EBB3CEBF1E50C60B0063303C /* Assets.xcassets in Resources */,
			);
			runOnlyForDeploymentPostprocessing = 0;
		};
		EBB3CEC61E50C60B0063303C /* Resources */ = {
			isa = PBXResourcesBuildPhase;
			buildActionMask = 2147483647;
			files = (
			);
			runOnlyForDeploymentPostprocessing = 0;
		};
/* End PBXResourcesBuildPhase section */

/* Begin PBXShellScriptBuildPhase section */
		40041426D255998298F7E7F1 /* [CP] Embed Pods Frameworks */ = {
			isa = PBXShellScriptBuildPhase;
			buildActionMask = 2147483647;
			files = (
			);
			inputPaths = (
			);
			name = "[CP] Embed Pods Frameworks";
			outputPaths = (
			);
			runOnlyForDeploymentPostprocessing = 0;
			shellPath = /bin/sh;
			shellScript = "\"${SRCROOT}/Pods/Target Support Files/Pods-BSWInterfaceKitDemoTests/Pods-BSWInterfaceKitDemoTests-frameworks.sh\"\n";
			showEnvVarsInLog = 0;
		};
		666EF80A72E403B347578EE2 /* [CP] Check Pods Manifest.lock */ = {
			isa = PBXShellScriptBuildPhase;
			buildActionMask = 2147483647;
			files = (
			);
			inputPaths = (
			);
			name = "[CP] Check Pods Manifest.lock";
			outputPaths = (
			);
			runOnlyForDeploymentPostprocessing = 0;
			shellPath = /bin/sh;
			shellScript = "diff \"${PODS_ROOT}/../Podfile.lock\" \"${PODS_ROOT}/Manifest.lock\" > /dev/null\nif [ $? != 0 ] ; then\n    # print error to STDERR\n    echo \"error: The sandbox is not in sync with the Podfile.lock. Run 'pod install' or update your CocoaPods installation.\" >&2\n    exit 1\nfi\n";
			showEnvVarsInLog = 0;
		};
		799F2C880118C411BDEB4E08 /* [CP] Copy Pods Resources */ = {
			isa = PBXShellScriptBuildPhase;
			buildActionMask = 2147483647;
			files = (
			);
			inputPaths = (
			);
			name = "[CP] Copy Pods Resources";
			outputPaths = (
			);
			runOnlyForDeploymentPostprocessing = 0;
			shellPath = /bin/sh;
			shellScript = "\"${SRCROOT}/Pods/Target Support Files/Pods-Common-BSWInterfaceKitDemo/Pods-Common-BSWInterfaceKitDemo-resources.sh\"\n";
			showEnvVarsInLog = 0;
		};
		7AEB98E389FE4ECCEFB23D54 /* [CP] Check Pods Manifest.lock */ = {
			isa = PBXShellScriptBuildPhase;
			buildActionMask = 2147483647;
			files = (
			);
			inputPaths = (
			);
			name = "[CP] Check Pods Manifest.lock";
			outputPaths = (
			);
			runOnlyForDeploymentPostprocessing = 0;
			shellPath = /bin/sh;
			shellScript = "diff \"${PODS_ROOT}/../Podfile.lock\" \"${PODS_ROOT}/Manifest.lock\" > /dev/null\nif [ $? != 0 ] ; then\n    # print error to STDERR\n    echo \"error: The sandbox is not in sync with the Podfile.lock. Run 'pod install' or update your CocoaPods installation.\" >&2\n    exit 1\nfi\n";
			showEnvVarsInLog = 0;
		};
		9ED9C678B9D2FBFA789B2234 /* [CP] Copy Pods Resources */ = {
			isa = PBXShellScriptBuildPhase;
			buildActionMask = 2147483647;
			files = (
			);
			inputPaths = (
			);
			name = "[CP] Copy Pods Resources";
			outputPaths = (
			);
			runOnlyForDeploymentPostprocessing = 0;
			shellPath = /bin/sh;
			shellScript = "\"${SRCROOT}/Pods/Target Support Files/Pods-BSWInterfaceKitDemoTests/Pods-BSWInterfaceKitDemoTests-resources.sh\"\n";
			showEnvVarsInLog = 0;
		};
		BCC4200DCC4FA6E9C3F3B21D /* [CP] Check Pods Manifest.lock */ = {
			isa = PBXShellScriptBuildPhase;
			buildActionMask = 2147483647;
			files = (
			);
			inputPaths = (
			);
			name = "[CP] Check Pods Manifest.lock";
			outputPaths = (
			);
			runOnlyForDeploymentPostprocessing = 0;
			shellPath = /bin/sh;
			shellScript = "diff \"${PODS_ROOT}/../Podfile.lock\" \"${PODS_ROOT}/Manifest.lock\" > /dev/null\nif [ $? != 0 ] ; then\n    # print error to STDERR\n    echo \"error: The sandbox is not in sync with the Podfile.lock. Run 'pod install' or update your CocoaPods installation.\" >&2\n    exit 1\nfi\n";
			showEnvVarsInLog = 0;
		};
		CEA434E0BAE8B33DBB84EEEB /* [CP] Embed Pods Frameworks */ = {
			isa = PBXShellScriptBuildPhase;
			buildActionMask = 2147483647;
			files = (
			);
			inputPaths = (
			);
			name = "[CP] Embed Pods Frameworks";
			outputPaths = (
			);
			runOnlyForDeploymentPostprocessing = 0;
			shellPath = /bin/sh;
			shellScript = "\"${SRCROOT}/Pods/Target Support Files/Pods-Common-BSWInterfaceKitDemo/Pods-Common-BSWInterfaceKitDemo-frameworks.sh\"\n";
			showEnvVarsInLog = 0;
		};
		F71C39473AB61DD265A4CD72 /* [CP] Copy Pods Resources */ = {
			isa = PBXShellScriptBuildPhase;
			buildActionMask = 2147483647;
			files = (
			);
			inputPaths = (
			);
			name = "[CP] Copy Pods Resources";
			outputPaths = (
			);
			runOnlyForDeploymentPostprocessing = 0;
			shellPath = /bin/sh;
			shellScript = "\"${SRCROOT}/Pods/Target Support Files/Pods-Common-BSWInterfaceKitPlayground/Pods-Common-BSWInterfaceKitPlayground-resources.sh\"\n";
			showEnvVarsInLog = 0;
		};
/* End PBXShellScriptBuildPhase section */

/* Begin PBXSourcesBuildPhase section */
		52CF01F7CF1014615BB1B8E6 /* Sources */ = {
			isa = PBXSourcesBuildPhase;
			buildActionMask = 2147483647;
			files = (
			);
			runOnlyForDeploymentPostprocessing = 0;
		};
		EBB3CEB11E50C60B0063303C /* Sources */ = {
			isa = PBXSourcesBuildPhase;
			buildActionMask = 2147483647;
			files = (
				EBBB9FAD1E7BF0FE000F1232 /* StrawberryViewController.swift in Sources */,
				EBBB9FAF1E7BF524000F1232 /* FruitViewController.swift in Sources */,
				EBB3CEBA1E50C60B0063303C /* FeaturesViewController.swift in Sources */,
				EBB3CEB81E50C60B0063303C /* AppDelegate.swift in Sources */,
			);
			runOnlyForDeploymentPostprocessing = 0;
		};
		EBB3CEC41E50C60B0063303C /* Sources */ = {
			isa = PBXSourcesBuildPhase;
			buildActionMask = 2147483647;
			files = (
				EBD6D20D1E50E43800D4CBFA /* BSWSnapshotTest.swift in Sources */,
				EBB3CECD1E50C60B0063303C /* ClassicProfileViewControllerTests.swift in Sources */,
			);
			runOnlyForDeploymentPostprocessing = 0;
		};
/* End PBXSourcesBuildPhase section */

/* Begin PBXTargetDependency section */
		EBB3CECA1E50C60B0063303C /* PBXTargetDependency */ = {
			isa = PBXTargetDependency;
			target = EBB3CEB41E50C60B0063303C /* BSWInterfaceKitDemo */;
			targetProxy = EBB3CEC91E50C60B0063303C /* PBXContainerItemProxy */;
		};
/* End PBXTargetDependency section */

/* Begin PBXVariantGroup section */
		EBB3CEC01E50C60B0063303C /* LaunchScreen.storyboard */ = {
			isa = PBXVariantGroup;
			children = (
				EBB3CEC11E50C60B0063303C /* Base */,
			);
			name = LaunchScreen.storyboard;
			sourceTree = "<group>";
		};
/* End PBXVariantGroup section */

/* Begin XCBuildConfiguration section */
		74A34EA70861D8193EFE1E05 /* Debug */ = {
			isa = XCBuildConfiguration;
			buildSettings = {
				ALWAYS_SEARCH_USER_PATHS = NO;
				CLANG_ANALYZER_NONNULL = YES;
				CLANG_CXX_LANGUAGE_STANDARD = "gnu++0x";
				CLANG_CXX_LIBRARY = "libc++";
				CLANG_ENABLE_MODULES = YES;
				CLANG_ENABLE_OBJC_ARC = YES;
				CLANG_WARN_BOOL_CONVERSION = YES;
				CLANG_WARN_CONSTANT_CONVERSION = YES;
				CLANG_WARN_DIRECT_OBJC_ISA_USAGE = YES;
				CLANG_WARN_EMPTY_BODY = YES;
				CLANG_WARN_ENUM_CONVERSION = YES;
				CLANG_WARN_INT_CONVERSION = YES;
				CLANG_WARN_OBJC_ROOT_CLASS = YES;
				CLANG_WARN_UNREACHABLE_CODE = YES;
				CLANG_WARN__DUPLICATE_METHOD_MATCH = YES;
				COPY_PHASE_STRIP = NO;
				ENABLE_TESTABILITY = YES;
				GCC_C_LANGUAGE_STANDARD = gnu99;
				GCC_DYNAMIC_NO_PIC = NO;
				GCC_OPTIMIZATION_LEVEL = 0;
				GCC_PREPROCESSOR_DEFINITIONS = (
					"DEBUG=1",
					"$(inherited)",
				);
				GCC_SYMBOLS_PRIVATE_EXTERN = NO;
				GCC_WARN_64_TO_32_BIT_CONVERSION = YES;
				GCC_WARN_ABOUT_RETURN_TYPE = YES;
				GCC_WARN_UNDECLARED_SELECTOR = YES;
				GCC_WARN_UNINITIALIZED_AUTOS = YES;
				GCC_WARN_UNUSED_FUNCTION = YES;
				GCC_WARN_UNUSED_VARIABLE = YES;
				ONLY_ACTIVE_ARCH = YES;
			};
			name = Debug;
		};
		A7AAE68B6D6B62A71D1B52CA /* Release */ = {
			isa = XCBuildConfiguration;
			buildSettings = {
				ALWAYS_SEARCH_USER_PATHS = NO;
				CLANG_ANALYZER_NONNULL = YES;
				CLANG_CXX_LANGUAGE_STANDARD = "gnu++0x";
				CLANG_CXX_LIBRARY = "libc++";
				CLANG_ENABLE_MODULES = YES;
				CLANG_ENABLE_OBJC_ARC = YES;
				CLANG_WARN_BOOL_CONVERSION = YES;
				CLANG_WARN_CONSTANT_CONVERSION = YES;
				CLANG_WARN_DIRECT_OBJC_ISA_USAGE = YES;
				CLANG_WARN_EMPTY_BODY = YES;
				CLANG_WARN_ENUM_CONVERSION = YES;
				CLANG_WARN_INT_CONVERSION = YES;
				CLANG_WARN_OBJC_ROOT_CLASS = YES;
				CLANG_WARN_UNREACHABLE_CODE = YES;
				CLANG_WARN__DUPLICATE_METHOD_MATCH = YES;
				COPY_PHASE_STRIP = YES;
				ENABLE_NS_ASSERTIONS = NO;
				GCC_C_LANGUAGE_STANDARD = gnu99;
				GCC_WARN_64_TO_32_BIT_CONVERSION = YES;
				GCC_WARN_ABOUT_RETURN_TYPE = YES;
				GCC_WARN_UNDECLARED_SELECTOR = YES;
				GCC_WARN_UNINITIALIZED_AUTOS = YES;
				GCC_WARN_UNUSED_FUNCTION = YES;
				GCC_WARN_UNUSED_VARIABLE = YES;
				VALIDATE_PRODUCT = YES;
			};
			name = Release;
		};
		AEC41478D27ECDF5A1A380BC /* Release */ = {
			isa = XCBuildConfiguration;
			baseConfigurationReference = 16E13958ABB91142B93EC0DD /* Pods-Common-BSWInterfaceKitPlayground.release.xcconfig */;
			buildSettings = {
				"CODE_SIGN_IDENTITY[sdk=iphoneos*]" = "iPhone Developer";
				CURRENT_PROJECT_VERSION = 1;
				DEBUG_INFORMATION_FORMAT = "dwarf-with-dsym";
				DEFINES_MODULE = NO;
				DYLIB_COMPATIBILITY_VERSION = 1;
				DYLIB_CURRENT_VERSION = 1;
				DYLIB_INSTALL_NAME_BASE = "@rpath";
				ENABLE_STRICT_OBJC_MSGSEND = YES;
				GCC_NO_COMMON_BLOCKS = YES;
				INSTALL_PATH = "$(LOCAL_LIBRARY_DIR)/Frameworks";
				IPHONEOS_DEPLOYMENT_TARGET = 10.2;
				LD_RUNPATH_SEARCH_PATHS = "$(inherited) @executable_path/Frameworks @loader_path/Frameworks";
				MTL_ENABLE_DEBUG_INFO = NO;
				OTHER_LDFLAGS = "$(inherited)";
				PRODUCT_NAME = "$(TARGET_NAME)";
				SDKROOT = iphoneos;
				SKIP_INSTALL = YES;
				SWIFT_VERSION = 3.0;
				TARGETED_DEVICE_FAMILY = "1,2";
				VERSIONING_SYSTEM = "apple-generic";
				VERSION_INFO_PREFIX = "";
			};
			name = Release;
		};
		EBB3CED01E50C60B0063303C /* Debug */ = {
			isa = XCBuildConfiguration;
			baseConfigurationReference = 88F067BBD22E91A5A11D13CD /* Pods-Common-BSWInterfaceKitDemo.debug.xcconfig */;
			buildSettings = {
				ASSETCATALOG_COMPILER_APPICON_NAME = AppIcon;
				CLANG_WARN_DIRECT_OBJC_ISA_USAGE = YES_ERROR;
				CLANG_WARN_DOCUMENTATION_COMMENTS = YES;
				CLANG_WARN_INFINITE_RECURSION = YES;
				CLANG_WARN_OBJC_ROOT_CLASS = YES_ERROR;
				CLANG_WARN_SUSPICIOUS_MOVE = YES;
				"CODE_SIGN_IDENTITY[sdk=iphoneos*]" = "iPhone Developer";
				DEBUG_INFORMATION_FORMAT = dwarf;
				DEVELOPMENT_TEAM = JC3H35UYFP;
				ENABLE_STRICT_OBJC_MSGSEND = YES;
				GCC_NO_COMMON_BLOCKS = YES;
				GCC_WARN_ABOUT_RETURN_TYPE = YES_ERROR;
				GCC_WARN_UNINITIALIZED_AUTOS = YES_AGGRESSIVE;
				INFOPLIST_FILE = BSWInterfaceKitDemo/Info.plist;
				IPHONEOS_DEPLOYMENT_TARGET = 10.2;
				LD_RUNPATH_SEARCH_PATHS = "$(inherited) @executable_path/Frameworks";
				MTL_ENABLE_DEBUG_INFO = YES;
				PRODUCT_BUNDLE_IDENTIFIER = com.blursoftware.BSWInterfaceKitDemo;
				PRODUCT_NAME = "$(TARGET_NAME)";
				SDKROOT = iphoneos;
				SWIFT_ACTIVE_COMPILATION_CONDITIONS = DEBUG;
				SWIFT_OPTIMIZATION_LEVEL = "-Onone";
				SWIFT_VERSION = 3.0;
				TARGETED_DEVICE_FAMILY = "1,2";
			};
			name = Debug;
		};
		EBB3CED11E50C60B0063303C /* Release */ = {
			isa = XCBuildConfiguration;
			baseConfigurationReference = 0753E2B40FC31F8E675998D1 /* Pods-Common-BSWInterfaceKitDemo.release.xcconfig */;
			buildSettings = {
				ASSETCATALOG_COMPILER_APPICON_NAME = AppIcon;
				CLANG_WARN_DIRECT_OBJC_ISA_USAGE = YES_ERROR;
				CLANG_WARN_DOCUMENTATION_COMMENTS = YES;
				CLANG_WARN_INFINITE_RECURSION = YES;
				CLANG_WARN_OBJC_ROOT_CLASS = YES_ERROR;
				CLANG_WARN_SUSPICIOUS_MOVE = YES;
				"CODE_SIGN_IDENTITY[sdk=iphoneos*]" = "iPhone Developer";
				COPY_PHASE_STRIP = NO;
				DEBUG_INFORMATION_FORMAT = "dwarf-with-dsym";
				DEVELOPMENT_TEAM = JC3H35UYFP;
				ENABLE_STRICT_OBJC_MSGSEND = YES;
				GCC_NO_COMMON_BLOCKS = YES;
				GCC_WARN_ABOUT_RETURN_TYPE = YES_ERROR;
				GCC_WARN_UNINITIALIZED_AUTOS = YES_AGGRESSIVE;
				INFOPLIST_FILE = BSWInterfaceKitDemo/Info.plist;
				IPHONEOS_DEPLOYMENT_TARGET = 10.2;
				LD_RUNPATH_SEARCH_PATHS = "$(inherited) @executable_path/Frameworks";
				MTL_ENABLE_DEBUG_INFO = NO;
				PRODUCT_BUNDLE_IDENTIFIER = com.blursoftware.BSWInterfaceKitDemo;
				PRODUCT_NAME = "$(TARGET_NAME)";
				SDKROOT = iphoneos;
				SWIFT_OPTIMIZATION_LEVEL = "-Owholemodule";
				SWIFT_VERSION = 3.0;
				TARGETED_DEVICE_FAMILY = "1,2";
			};
			name = Release;
		};
		EBB3CED31E50C60B0063303C /* Debug */ = {
			isa = XCBuildConfiguration;
			baseConfigurationReference = E5F363682ECCCD041FC95D1C /* Pods-BSWInterfaceKitDemoTests.debug.xcconfig */;
			buildSettings = {
				ALWAYS_EMBED_SWIFT_STANDARD_LIBRARIES = YES;
				BUNDLE_LOADER = "$(TEST_HOST)";
				CLANG_WARN_DIRECT_OBJC_ISA_USAGE = YES_ERROR;
				CLANG_WARN_DOCUMENTATION_COMMENTS = YES;
				CLANG_WARN_INFINITE_RECURSION = YES;
				CLANG_WARN_OBJC_ROOT_CLASS = YES_ERROR;
				CLANG_WARN_SUSPICIOUS_MOVE = YES;
				"CODE_SIGN_IDENTITY[sdk=iphoneos*]" = "iPhone Developer";
				DEBUG_INFORMATION_FORMAT = dwarf;
				DEVELOPMENT_TEAM = JC3H35UYFP;
				ENABLE_STRICT_OBJC_MSGSEND = YES;
				GCC_NO_COMMON_BLOCKS = YES;
				GCC_WARN_ABOUT_RETURN_TYPE = YES_ERROR;
				GCC_WARN_UNINITIALIZED_AUTOS = YES_AGGRESSIVE;
				INFOPLIST_FILE = BSWInterfaceKitDemoTests/Info.plist;
				IPHONEOS_DEPLOYMENT_TARGET = 10.2;
				LD_RUNPATH_SEARCH_PATHS = "$(inherited) @executable_path/Frameworks @loader_path/Frameworks";
				MTL_ENABLE_DEBUG_INFO = YES;
				PRODUCT_BUNDLE_IDENTIFIER = com.blursoftware.BSWInterfaceKitDemoTests;
				PRODUCT_NAME = "$(TARGET_NAME)";
				SDKROOT = iphoneos;
				SWIFT_ACTIVE_COMPILATION_CONDITIONS = DEBUG;
				SWIFT_OPTIMIZATION_LEVEL = "-Onone";
				SWIFT_VERSION = 3.0;
				TEST_HOST = "$(BUILT_PRODUCTS_DIR)/BSWInterfaceKitDemo.app/BSWInterfaceKitDemo";
			};
			name = Debug;
		};
		EBB3CED41E50C60B0063303C /* Release */ = {
			isa = XCBuildConfiguration;
			baseConfigurationReference = ECAD9F0C9D88CCEA59E28B8D /* Pods-BSWInterfaceKitDemoTests.release.xcconfig */;
			buildSettings = {
				ALWAYS_EMBED_SWIFT_STANDARD_LIBRARIES = YES;
				BUNDLE_LOADER = "$(TEST_HOST)";
				CLANG_WARN_DIRECT_OBJC_ISA_USAGE = YES_ERROR;
				CLANG_WARN_DOCUMENTATION_COMMENTS = YES;
				CLANG_WARN_INFINITE_RECURSION = YES;
				CLANG_WARN_OBJC_ROOT_CLASS = YES_ERROR;
				CLANG_WARN_SUSPICIOUS_MOVE = YES;
				"CODE_SIGN_IDENTITY[sdk=iphoneos*]" = "iPhone Developer";
				COPY_PHASE_STRIP = NO;
				DEBUG_INFORMATION_FORMAT = "dwarf-with-dsym";
				DEVELOPMENT_TEAM = JC3H35UYFP;
				ENABLE_STRICT_OBJC_MSGSEND = YES;
				GCC_NO_COMMON_BLOCKS = YES;
				GCC_WARN_ABOUT_RETURN_TYPE = YES_ERROR;
				GCC_WARN_UNINITIALIZED_AUTOS = YES_AGGRESSIVE;
				INFOPLIST_FILE = BSWInterfaceKitDemoTests/Info.plist;
				IPHONEOS_DEPLOYMENT_TARGET = 10.2;
				LD_RUNPATH_SEARCH_PATHS = "$(inherited) @executable_path/Frameworks @loader_path/Frameworks";
				MTL_ENABLE_DEBUG_INFO = NO;
				PRODUCT_BUNDLE_IDENTIFIER = com.blursoftware.BSWInterfaceKitDemoTests;
				PRODUCT_NAME = "$(TARGET_NAME)";
				SDKROOT = iphoneos;
				SWIFT_OPTIMIZATION_LEVEL = "-Owholemodule";
				SWIFT_VERSION = 3.0;
				TEST_HOST = "$(BUILT_PRODUCTS_DIR)/BSWInterfaceKitDemo.app/BSWInterfaceKitDemo";
			};
			name = Release;
		};
		ED6A33649D7975C1B8606070 /* Debug */ = {
			isa = XCBuildConfiguration;
			baseConfigurationReference = 584BCD31C8DFF8A423DC1CBC /* Pods-Common-BSWInterfaceKitPlayground.debug.xcconfig */;
			buildSettings = {
				"CODE_SIGN_IDENTITY[sdk=iphoneos*]" = "iPhone Developer";
				CURRENT_PROJECT_VERSION = 1;
				DEBUG_INFORMATION_FORMAT = dwarf;
				DEFINES_MODULE = NO;
				DYLIB_COMPATIBILITY_VERSION = 1;
				DYLIB_CURRENT_VERSION = 1;
				DYLIB_INSTALL_NAME_BASE = "@rpath";
				ENABLE_STRICT_OBJC_MSGSEND = YES;
				GCC_NO_COMMON_BLOCKS = YES;
				INSTALL_PATH = "$(LOCAL_LIBRARY_DIR)/Frameworks";
				IPHONEOS_DEPLOYMENT_TARGET = 10.2;
				LD_RUNPATH_SEARCH_PATHS = "$(inherited) @executable_path/Frameworks @loader_path/Frameworks";
				MTL_ENABLE_DEBUG_INFO = YES;
				OTHER_LDFLAGS = "$(inherited)";
				PRODUCT_NAME = "$(TARGET_NAME)";
				SDKROOT = iphoneos;
				SKIP_INSTALL = YES;
				SWIFT_VERSION = 3.0;
				TARGETED_DEVICE_FAMILY = "1,2";
				VERSIONING_SYSTEM = "apple-generic";
				VERSION_INFO_PREFIX = "";
			};
			name = Debug;
		};
/* End XCBuildConfiguration section */

/* Begin XCConfigurationList section */
		E88F2CA112F0BAEC01187C5B /* Build configuration list for PBXNativeTarget "BSWInterfaceKitPlayground" */ = {
			isa = XCConfigurationList;
			buildConfigurations = (
				AEC41478D27ECDF5A1A380BC /* Release */,
				ED6A33649D7975C1B8606070 /* Debug */,
			);
			defaultConfigurationIsVisible = 0;
			defaultConfigurationName = Release;
		};
		EBB3CECF1E50C60B0063303C /* Build configuration list for PBXNativeTarget "BSWInterfaceKitDemo" */ = {
			isa = XCConfigurationList;
			buildConfigurations = (
				EBB3CED01E50C60B0063303C /* Debug */,
				EBB3CED11E50C60B0063303C /* Release */,
			);
			defaultConfigurationIsVisible = 0;
			defaultConfigurationName = Release;
		};
		EBB3CED21E50C60B0063303C /* Build configuration list for PBXNativeTarget "BSWInterfaceKitDemoTests" */ = {
			isa = XCConfigurationList;
			buildConfigurations = (
				EBB3CED31E50C60B0063303C /* Debug */,
				EBB3CED41E50C60B0063303C /* Release */,
			);
			defaultConfigurationIsVisible = 0;
			defaultConfigurationName = Release;
		};
		FE4F034E9E58ACAC0A5BF1A4 /* Build configuration list for PBXProject "BSWInterfaceKit" */ = {
			isa = XCConfigurationList;
			buildConfigurations = (
				74A34EA70861D8193EFE1E05 /* Debug */,
				A7AAE68B6D6B62A71D1B52CA /* Release */,
			);
			defaultConfigurationIsVisible = 0;
			defaultConfigurationName = Release;
		};
/* End XCConfigurationList section */
	};
	rootObject = D427AA8E5E06E105148C9250 /* Project object */;
}
