{
  "object": {
    "pins": [
      {
        "package": "BSWFoundation",
        "repositoryURL": "https://github.com/theleftbit/BSWFoundation.git",
        "state": {
          "branch": null,
          "revision": "d8b0f0025ec689aa1cf705d3e0e07207f0e79009",
          "version": "3.1.0"
        }
      },
      {
        "package": "Deferred",
        "repositoryURL": "https://github.com/bignerdranch/Deferred.git",
        "state": {
          "branch": null,
          "revision": "96ad3f6dd1ddaffe1830dbb3b1cb783a87d6e952",
          "version": "4.1.0"
        }
      },
      {
        "package": "KeychainAccess",
        "repositoryURL": "https://github.com/kishikawakatsumi/KeychainAccess.git",
        "state": {
          "branch": null,
          "revision": "8d33ffd6f74b3bcfc99af759d4204c6395a3f918",
          "version": "3.2.1"
        }
      },
      {
        "package": "Nuke",
        "repositoryURL": "https://github.com/kean/Nuke.git",
        "state": {
          "branch": null,
          "revision": "051fb936fbc0176655acb1085b15be477f3d5015",
          "version": "8.4.0"
        }
      },
      {
        "package": "SnapshotTesting",
        "repositoryURL": "https://github.com/pointfreeco/swift-snapshot-testing.git",
        "state": {
          "branch": null,
          "revision": "12c6a7ce9d67f39a23c6bab757bdb073bd997885",
          "version": "1.7.1"
        }
      }
    ]
  },
  "version": 1
}
