// !$*UTF8*$!
{
	archiveVersion = 1;
	classes = {
	};
	objectVersion = 52;
	objects = {

/* Begin PBXBuildFile section */
		F545909E2322C7E80037E8B9 /* TableViewController.swift in Sources */ = {isa = PBXBuildFile; fileRef = F545909D2322C7E80037E8B9 /* TableViewController.swift */; };
		F54DB37623095B14008E306B /* Assets.xcassets in Resources */ = {isa = PBXBuildFile; fileRef = F54DB37523095B14008E306B /* Assets.xcassets */; };
		F54DB37723095EC3008E306B /* BSWInterfaceKitAssets.bundle in Resources */ = {isa = PBXBuildFile; fileRef = F54DB35123095718008E306B /* BSWInterfaceKitAssets.bundle */; };
		F54DB37A230961A5008E306B /* Localizable.strings in Resources */ = {isa = PBXBuildFile; fileRef = F54DB37C230961A5008E306B /* Localizable.strings */; };
		F556372E24222B4500BFCD52 /* UIViewTests.swift in Sources */ = {isa = PBXBuildFile; fileRef = F556372724222B4500BFCD52 /* UIViewTests.swift */; };
		F556372F24222B4500BFCD52 /* ColumnFlowLayoutTests.swift in Sources */ = {isa = PBXBuildFile; fileRef = F556372824222B4500BFCD52 /* ColumnFlowLayoutTests.swift */; };
		F556373024222B4500BFCD52 /* HorizontalPagedCollectionViewLayoutTests.swift in Sources */ = {isa = PBXBuildFile; fileRef = F556372924222B4500BFCD52 /* HorizontalPagedCollectionViewLayoutTests.swift */; };
		F556373124222B4500BFCD52 /* IntrinsicSizeCalculableTests.swift in Sources */ = {isa = PBXBuildFile; fileRef = F556372A24222B4500BFCD52 /* IntrinsicSizeCalculableTests.swift */; };
		F556373224222B4500BFCD52 /* UIViewControllerTests.swift in Sources */ = {isa = PBXBuildFile; fileRef = F556372B24222B4500BFCD52 /* UIViewControllerTests.swift */; };
		F556373324222B4500BFCD52 /* LocalizableTests.swift in Sources */ = {isa = PBXBuildFile; fileRef = F556372C24222B4500BFCD52 /* LocalizableTests.swift */; };
		F556373424222B4500BFCD52 /* NSAttributedStringTests.swift in Sources */ = {isa = PBXBuildFile; fileRef = F556372D24222B4500BFCD52 /* NSAttributedStringTests.swift */; };
		F556373624222B8900BFCD52 /* BSWInterfaceKit in Frameworks */ = {isa = PBXBuildFile; productRef = F556373524222B8900BFCD52 /* BSWInterfaceKit */; };
		F556373824222B8900BFCD52 /* BSWInterfaceKit in Embed Frameworks */ = {isa = PBXBuildFile; productRef = F556373524222B8900BFCD52 /* BSWInterfaceKit */; settings = {ATTRIBUTES = (CodeSignOnCopy, ); }; };
		F556373A24222B8900BFCD52 /* Deferred in Frameworks */ = {isa = PBXBuildFile; productRef = F556373924222B8900BFCD52 /* Deferred */; };
		F556373B24222B8900BFCD52 /* Deferred in Embed Frameworks */ = {isa = PBXBuildFile; productRef = F556373924222B8900BFCD52 /* Deferred */; settings = {ATTRIBUTES = (CodeSignOnCopy, ); }; };
		F556373E24222B9900BFCD52 /* SnapshotTesting in Frameworks */ = {isa = PBXBuildFile; productRef = F556373D24222B9900BFCD52 /* SnapshotTesting */; };
		F556374024222BA500BFCD52 /* BSWFoundation in Frameworks */ = {isa = PBXBuildFile; productRef = F556373F24222BA500BFCD52 /* BSWFoundation */; };
		F556374124222BA500BFCD52 /* BSWFoundation in Embed Frameworks */ = {isa = PBXBuildFile; productRef = F556373F24222BA500BFCD52 /* BSWFoundation */; settings = {ATTRIBUTES = (CodeSignOnCopy, ); }; };
		F56F908822EF422300E45944 /* AppDelegate.swift in Sources */ = {isa = PBXBuildFile; fileRef = F56F908722EF422300E45944 /* AppDelegate.swift */; };
		F56F909122EF422400E45944 /* Assets.xcassets in Resources */ = {isa = PBXBuildFile; fileRef = F56F909022EF422400E45944 /* Assets.xcassets */; };
		F56F909422EF422400E45944 /* LaunchScreen.storyboard in Resources */ = {isa = PBXBuildFile; fileRef = F56F909222EF422400E45944 /* LaunchScreen.storyboard */; };
		F56F90B022EF426900E45944 /* AzzurriViewController.swift in Sources */ = {isa = PBXBuildFile; fileRef = F56F90A922EF426900E45944 /* AzzurriViewController.swift */; };
		F56F90B122EF426900E45944 /* FacebookLoginViewController.swift in Sources */ = {isa = PBXBuildFile; fileRef = F56F90AA22EF426900E45944 /* FacebookLoginViewController.swift */; };
		F56F90B222EF426900E45944 /* AlertOperationViewController.swift in Sources */ = {isa = PBXBuildFile; fileRef = F56F90AB22EF426900E45944 /* AlertOperationViewController.swift */; };
		F56F90B322EF426900E45944 /* FeaturesViewController.swift in Sources */ = {isa = PBXBuildFile; fileRef = F56F90AC22EF426900E45944 /* FeaturesViewController.swift */; };
		F56F90B422EF426900E45944 /* AsyncView.swift in Sources */ = {isa = PBXBuildFile; fileRef = F56F90AE22EF426900E45944 /* AsyncView.swift */; };
		F56F90B522EF426900E45944 /* StrawberryViewController.swift in Sources */ = {isa = PBXBuildFile; fileRef = F56F90AF22EF426900E45944 /* StrawberryViewController.swift */; };
		F5783581236C4B20005DD42B /* PlanSelectorViewController.swift in Sources */ = {isa = PBXBuildFile; fileRef = F5783580236C4B20005DD42B /* PlanSelectorViewController.swift */; };
		F5C4BEBA2422299E00238AEA /* BSWInterfaceKit in Frameworks */ = {isa = PBXBuildFile; productRef = F5C4BEB92422299E00238AEA /* BSWInterfaceKit */; };
		F5C4BEBB2422299E00238AEA /* BSWInterfaceKit in Embed Frameworks */ = {isa = PBXBuildFile; productRef = F5C4BEB92422299E00238AEA /* BSWInterfaceKit */; settings = {ATTRIBUTES = (CodeSignOnCopy, ); }; };
		F5C4BEBE242229B300238AEA /* Deferred in Frameworks */ = {isa = PBXBuildFile; productRef = F5C4BEBD242229B300238AEA /* Deferred */; };
		F5C4BEBF242229B300238AEA /* Deferred in Embed Frameworks */ = {isa = PBXBuildFile; productRef = F5C4BEBD242229B300238AEA /* Deferred */; settings = {ATTRIBUTES = (CodeSignOnCopy, ); }; };
		F5C4BEC2242229C000238AEA /* BSWFoundation in Frameworks */ = {isa = PBXBuildFile; productRef = F5C4BEC1242229C000238AEA /* BSWFoundation */; };
		F5C4BEC3242229C000238AEA /* BSWFoundation in Embed Frameworks */ = {isa = PBXBuildFile; productRef = F5C4BEC1242229C000238AEA /* BSWFoundation */; settings = {ATTRIBUTES = (CodeSignOnCopy, ); }; };
		F5DECEB824222AFA0044DC8B /* BSWSnapshotTest.swift in Sources */ = {isa = PBXBuildFile; fileRef = F5DECEB724222AFA0044DC8B /* BSWSnapshotTest.swift */; };
/* End PBXBuildFile section */

/* Begin PBXContainerItemProxy section */
		F54DB36F230959B6008E306B /* PBXContainerItemProxy */ = {
			isa = PBXContainerItemProxy;
			containerPortal = F56F907C22EF422300E45944 /* Project object */;
			proxyType = 1;
			remoteGlobalIDString = F54DB35023095718008E306B;
			remoteInfo = BSWInterfaceKitAssets;
		};
		F5D7CB8024222A910095EB0D /* PBXContainerItemProxy */ = {
			isa = PBXContainerItemProxy;
			containerPortal = F56F907C22EF422300E45944 /* Project object */;
			proxyType = 1;
			remoteGlobalIDString = F56F908322EF422300E45944;
			remoteInfo = BSWInterfaceKitDemo;
		};
/* End PBXContainerItemProxy section */

/* Begin PBXCopyFilesBuildPhase section */
		F556373724222B8900BFCD52 /* Embed Frameworks */ = {
			isa = PBXCopyFilesBuildPhase;
			buildActionMask = 2147483647;
			dstPath = "";
			dstSubfolderSpec = 10;
			files = (
				F556373824222B8900BFCD52 /* BSWInterfaceKit in Embed Frameworks */,
				F556373B24222B8900BFCD52 /* Deferred in Embed Frameworks */,
				F556374124222BA500BFCD52 /* BSWFoundation in Embed Frameworks */,
			);
			name = "Embed Frameworks";
			runOnlyForDeploymentPostprocessing = 0;
		};
		F5CF124122EF7A5E0086BC92 /* Embed Frameworks */ = {
			isa = PBXCopyFilesBuildPhase;
			buildActionMask = 2147483647;
			dstPath = "";
			dstSubfolderSpec = 10;
			files = (
				F5C4BEBB2422299E00238AEA /* BSWInterfaceKit in Embed Frameworks */,
				F5C4BEBF242229B300238AEA /* Deferred in Embed Frameworks */,
				F5C4BEC3242229C000238AEA /* BSWFoundation in Embed Frameworks */,
			);
			name = "Embed Frameworks";
			runOnlyForDeploymentPostprocessing = 0;
		};
/* End PBXCopyFilesBuildPhase section */

/* Begin PBXFileReference section */
		F545909D2322C7E80037E8B9 /* TableViewController.swift */ = {isa = PBXFileReference; lastKnownFileType = sourcecode.swift; path = TableViewController.swift; sourceTree = "<group>"; };
		F54DB35123095718008E306B /* BSWInterfaceKitAssets.bundle */ = {isa = PBXFileReference; explicitFileType = wrapper.cfbundle; includeInIndex = 0; path = BSWInterfaceKitAssets.bundle; sourceTree = BUILT_PRODUCTS_DIR; };
		F54DB35323095718008E306B /* Info.plist */ = {isa = PBXFileReference; lastKnownFileType = text.plist.xml; path = Info.plist; sourceTree = "<group>"; };
		F54DB37523095B14008E306B /* Assets.xcassets */ = {isa = PBXFileReference; lastKnownFileType = folder.assetcatalog; path = Assets.xcassets; sourceTree = "<group>"; };
		F54DB37B230961A5008E306B /* en */ = {isa = PBXFileReference; lastKnownFileType = text.plist.strings; name = en; path = en.lproj/Localizable.strings; sourceTree = "<group>"; };
		F54DB37D230961C2008E306B /* es */ = {isa = PBXFileReference; lastKnownFileType = text.plist.strings; name = es; path = es.lproj/Localizable.strings; sourceTree = "<group>"; };
		F54DB37E230961DB008E306B /* fr */ = {isa = PBXFileReference; lastKnownFileType = text.plist.strings; name = fr; path = fr.lproj/Localizable.strings; sourceTree = "<group>"; };
		F556372724222B4500BFCD52 /* UIViewTests.swift */ = {isa = PBXFileReference; fileEncoding = 4; lastKnownFileType = sourcecode.swift; path = UIViewTests.swift; sourceTree = "<group>"; };
		F556372824222B4500BFCD52 /* ColumnFlowLayoutTests.swift */ = {isa = PBXFileReference; fileEncoding = 4; lastKnownFileType = sourcecode.swift; path = ColumnFlowLayoutTests.swift; sourceTree = "<group>"; };
		F556372924222B4500BFCD52 /* HorizontalPagedCollectionViewLayoutTests.swift */ = {isa = PBXFileReference; fileEncoding = 4; lastKnownFileType = sourcecode.swift; path = HorizontalPagedCollectionViewLayoutTests.swift; sourceTree = "<group>"; };
		F556372A24222B4500BFCD52 /* IntrinsicSizeCalculableTests.swift */ = {isa = PBXFileReference; fileEncoding = 4; lastKnownFileType = sourcecode.swift; path = IntrinsicSizeCalculableTests.swift; sourceTree = "<group>"; };
		F556372B24222B4500BFCD52 /* UIViewControllerTests.swift */ = {isa = PBXFileReference; fileEncoding = 4; lastKnownFileType = sourcecode.swift; path = UIViewControllerTests.swift; sourceTree = "<group>"; };
		F556372C24222B4500BFCD52 /* LocalizableTests.swift */ = {isa = PBXFileReference; fileEncoding = 4; lastKnownFileType = sourcecode.swift; path = LocalizableTests.swift; sourceTree = "<group>"; };
		F556372D24222B4500BFCD52 /* NSAttributedStringTests.swift */ = {isa = PBXFileReference; fileEncoding = 4; lastKnownFileType = sourcecode.swift; path = NSAttributedStringTests.swift; sourceTree = "<group>"; };
		F56F908422EF422300E45944 /* BSWInterfaceKitDemo.app */ = {isa = PBXFileReference; explicitFileType = wrapper.application; includeInIndex = 0; path = BSWInterfaceKitDemo.app; sourceTree = BUILT_PRODUCTS_DIR; };
		F56F908722EF422300E45944 /* AppDelegate.swift */ = {isa = PBXFileReference; lastKnownFileType = sourcecode.swift; path = AppDelegate.swift; sourceTree = "<group>"; };
		F56F909022EF422400E45944 /* Assets.xcassets */ = {isa = PBXFileReference; lastKnownFileType = folder.assetcatalog; path = Assets.xcassets; sourceTree = "<group>"; };
		F56F909322EF422400E45944 /* Base */ = {isa = PBXFileReference; lastKnownFileType = file.storyboard; name = Base; path = Base.lproj/LaunchScreen.storyboard; sourceTree = "<group>"; };
		F56F909522EF422400E45944 /* Info.plist */ = {isa = PBXFileReference; lastKnownFileType = text.plist.xml; path = Info.plist; sourceTree = "<group>"; };
		F56F90A922EF426900E45944 /* AzzurriViewController.swift */ = {isa = PBXFileReference; fileEncoding = 4; lastKnownFileType = sourcecode.swift; name = AzzurriViewController.swift; path = ../AzzurriViewController.swift; sourceTree = "<group>"; };
		F56F90AA22EF426900E45944 /* FacebookLoginViewController.swift */ = {isa = PBXFileReference; fileEncoding = 4; lastKnownFileType = sourcecode.swift; name = FacebookLoginViewController.swift; path = ../FacebookLoginViewController.swift; sourceTree = "<group>"; };
		F56F90AB22EF426900E45944 /* AlertOperationViewController.swift */ = {isa = PBXFileReference; fileEncoding = 4; lastKnownFileType = sourcecode.swift; name = AlertOperationViewController.swift; path = ../AlertOperationViewController.swift; sourceTree = "<group>"; };
		F56F90AC22EF426900E45944 /* FeaturesViewController.swift */ = {isa = PBXFileReference; fileEncoding = 4; lastKnownFileType = sourcecode.swift; name = FeaturesViewController.swift; path = ../FeaturesViewController.swift; sourceTree = "<group>"; };
		F56F90AE22EF426900E45944 /* AsyncView.swift */ = {isa = PBXFileReference; fileEncoding = 4; lastKnownFileType = sourcecode.swift; path = AsyncView.swift; sourceTree = "<group>"; };
		F56F90AF22EF426900E45944 /* StrawberryViewController.swift */ = {isa = PBXFileReference; fileEncoding = 4; lastKnownFileType = sourcecode.swift; name = StrawberryViewController.swift; path = ../StrawberryViewController.swift; sourceTree = "<group>"; };
		F5783580236C4B20005DD42B /* PlanSelectorViewController.swift */ = {isa = PBXFileReference; lastKnownFileType = sourcecode.swift; path = PlanSelectorViewController.swift; sourceTree = "<group>"; };
		F5D7CB7B24222A910095EB0D /* BSWInterfaceKitDemoTests.xctest */ = {isa = PBXFileReference; explicitFileType = wrapper.cfbundle; includeInIndex = 0; path = BSWInterfaceKitDemoTests.xctest; sourceTree = BUILT_PRODUCTS_DIR; };
		F5D7CB7F24222A910095EB0D /* Info.plist */ = {isa = PBXFileReference; lastKnownFileType = text.plist.xml; path = Info.plist; sourceTree = "<group>"; };
		F5DECEB724222AFA0044DC8B /* BSWSnapshotTest.swift */ = {isa = PBXFileReference; fileEncoding = 4; lastKnownFileType = sourcecode.swift; path = BSWSnapshotTest.swift; sourceTree = "<group>"; };
		F5DECEB924222B080044DC8B /* TextStylerTests.swift */ = {isa = PBXFileReference; lastKnownFileType = sourcecode.swift; path = TextStylerTests.swift; sourceTree = "<group>"; };
		F5DECEBA24222B080044DC8B /* ClassicProfileViewControllerTests.swift */ = {isa = PBXFileReference; lastKnownFileType = sourcecode.swift; path = ClassicProfileViewControllerTests.swift; sourceTree = "<group>"; };
		F5DECEBB24222B080044DC8B /* SelectableTableViewDataSourceTests.swift */ = {isa = PBXFileReference; lastKnownFileType = sourcecode.swift; path = SelectableTableViewDataSourceTests.swift; sourceTree = "<group>"; };
		F5DECEBC24222B080044DC8B /* PolaroidCellTests.swift */ = {isa = PBXFileReference; lastKnownFileType = sourcecode.swift; path = PolaroidCellTests.swift; sourceTree = "<group>"; };
		F5DECEBD24222B080044DC8B /* RangeSliderTests.swift */ = {isa = PBXFileReference; lastKnownFileType = sourcecode.swift; path = RangeSliderTests.swift; sourceTree = "<group>"; };
		F5DECEBE24222B080044DC8B /* CardPresentationTests.swift */ = {isa = PBXFileReference; lastKnownFileType = sourcecode.swift; path = CardPresentationTests.swift; sourceTree = "<group>"; };
		F5DECEBF24222B080044DC8B /* AvatarViewTests.swift */ = {isa = PBXFileReference; lastKnownFileType = sourcecode.swift; path = AvatarViewTests.swift; sourceTree = "<group>"; };
		F5DECEC024222B080044DC8B /* ButtonTests.swift */ = {isa = PBXFileReference; lastKnownFileType = sourcecode.swift; path = ButtonTests.swift; sourceTree = "<group>"; };
		F5DECEC124222B080044DC8B /* ProfilePhotoPickerCollectionViewTests.swift */ = {isa = PBXFileReference; lastKnownFileType = sourcecode.swift; path = ProfilePhotoPickerCollectionViewTests.swift; sourceTree = "<group>"; };
		F5DECEC224222B080044DC8B /* RoundLayerTests.swift */ = {isa = PBXFileReference; lastKnownFileType = sourcecode.swift; path = RoundLayerTests.swift; sourceTree = "<group>"; };
		F5DECEC324222B080044DC8B /* ScrollableTabsViewControllerTests.swift */ = {isa = PBXFileReference; lastKnownFileType = sourcecode.swift; path = ScrollableTabsViewControllerTests.swift; sourceTree = "<group>"; };
/* End PBXFileReference section */

/* Begin PBXFrameworksBuildPhase section */
		F56F908122EF422300E45944 /* Frameworks */ = {
			isa = PBXFrameworksBuildPhase;
			buildActionMask = 2147483647;
			files = (
				F5C4BEBA2422299E00238AEA /* BSWInterfaceKit in Frameworks */,
				F5C4BEBE242229B300238AEA /* Deferred in Frameworks */,
				F5C4BEC2242229C000238AEA /* BSWFoundation in Frameworks */,
			);
			runOnlyForDeploymentPostprocessing = 0;
		};
		F5D7CB7824222A910095EB0D /* Frameworks */ = {
			isa = PBXFrameworksBuildPhase;
			buildActionMask = 2147483647;
			files = (
				F556374024222BA500BFCD52 /* BSWFoundation in Frameworks */,
				F556373E24222B9900BFCD52 /* SnapshotTesting in Frameworks */,
				F556373624222B8900BFCD52 /* BSWInterfaceKit in Frameworks */,
				F556373A24222B8900BFCD52 /* Deferred in Frameworks */,
			);
			runOnlyForDeploymentPostprocessing = 0;
		};
/* End PBXFrameworksBuildPhase section */

/* Begin PBXGroup section */
		F54DB35223095718008E306B /* BSWInterfaceKitAssets */ = {
			isa = PBXGroup;
			children = (
				F54DB35323095718008E306B /* Info.plist */,
				F54DB37523095B14008E306B /* Assets.xcassets */,
				F54DB37C230961A5008E306B /* Localizable.strings */,
			);
			path = BSWInterfaceKitAssets;
			sourceTree = "<group>";
		};
		F556372624222B1B00BFCD52 /* BSWInterfaceKitTests */ = {
			isa = PBXGroup;
			children = (
				F556372824222B4500BFCD52 /* ColumnFlowLayoutTests.swift */,
				F556372924222B4500BFCD52 /* HorizontalPagedCollectionViewLayoutTests.swift */,
				F556372A24222B4500BFCD52 /* IntrinsicSizeCalculableTests.swift */,
				F556372C24222B4500BFCD52 /* LocalizableTests.swift */,
				F556372D24222B4500BFCD52 /* NSAttributedStringTests.swift */,
				F556372B24222B4500BFCD52 /* UIViewControllerTests.swift */,
				F556372724222B4500BFCD52 /* UIViewTests.swift */,
				F5DECEBF24222B080044DC8B /* AvatarViewTests.swift */,
				F5DECEC024222B080044DC8B /* ButtonTests.swift */,
				F5DECEBE24222B080044DC8B /* CardPresentationTests.swift */,
				F5DECEBA24222B080044DC8B /* ClassicProfileViewControllerTests.swift */,
				F5DECEBC24222B080044DC8B /* PolaroidCellTests.swift */,
				F5DECEC124222B080044DC8B /* ProfilePhotoPickerCollectionViewTests.swift */,
				F5DECEBD24222B080044DC8B /* RangeSliderTests.swift */,
				F5DECEC224222B080044DC8B /* RoundLayerTests.swift */,
				F5DECEC324222B080044DC8B /* ScrollableTabsViewControllerTests.swift */,
				F5DECEBB24222B080044DC8B /* SelectableTableViewDataSourceTests.swift */,
				F5DECEB924222B080044DC8B /* TextStylerTests.swift */,
			);
			path = BSWInterfaceKitTests;
			sourceTree = "<group>";
		};
		F56F907B22EF422300E45944 = {
			isa = PBXGroup;
			children = (
				F56F908622EF422300E45944 /* BSWInterfaceKitDemo */,
				F54DB35223095718008E306B /* BSWInterfaceKitAssets */,
				F5D7CB7C24222A910095EB0D /* BSWInterfaceKitDemoTests */,
				F56F908522EF422300E45944 /* Products */,
				F56F90B722EF42E100E45944 /* Frameworks */,
			);
			sourceTree = "<group>";
		};
		F56F908522EF422300E45944 /* Products */ = {
			isa = PBXGroup;
			children = (
				F56F908422EF422300E45944 /* BSWInterfaceKitDemo.app */,
				F54DB35123095718008E306B /* BSWInterfaceKitAssets.bundle */,
				F5D7CB7B24222A910095EB0D /* BSWInterfaceKitDemoTests.xctest */,
			);
			name = Products;
			sourceTree = "<group>";
		};
		F56F908622EF422300E45944 /* BSWInterfaceKitDemo */ = {
			isa = PBXGroup;
			children = (
				F56F908722EF422300E45944 /* AppDelegate.swift */,
				F56F909022EF422400E45944 /* Assets.xcassets */,
				F56F90B622EF427B00E45944 /* Features */,
				F56F909522EF422400E45944 /* Info.plist */,
				F56F909222EF422400E45944 /* LaunchScreen.storyboard */,
			);
			path = BSWInterfaceKitDemo;
			sourceTree = "<group>";
		};
		F56F90AD22EF426900E45944 /* SwiftUI */ = {
			isa = PBXGroup;
			children = (
				F56F90AE22EF426900E45944 /* AsyncView.swift */,
			);
			path = SwiftUI;
			sourceTree = "<group>";
		};
		F56F90B622EF427B00E45944 /* Features */ = {
			isa = PBXGroup;
			children = (
				F56F90AD22EF426900E45944 /* SwiftUI */,
				F56F90AB22EF426900E45944 /* AlertOperationViewController.swift */,
				F56F90A922EF426900E45944 /* AzzurriViewController.swift */,
				F56F90AA22EF426900E45944 /* FacebookLoginViewController.swift */,
				F56F90AC22EF426900E45944 /* FeaturesViewController.swift */,
				F56F90AF22EF426900E45944 /* StrawberryViewController.swift */,
				F545909D2322C7E80037E8B9 /* TableViewController.swift */,
				F5783580236C4B20005DD42B /* PlanSelectorViewController.swift */,
			);
			path = Features;
			sourceTree = "<group>";
		};
		F56F90B722EF42E100E45944 /* Frameworks */ = {
			isa = PBXGroup;
			children = (
			);
			name = Frameworks;
			sourceTree = "<group>";
		};
		F5D7CB7C24222A910095EB0D /* BSWInterfaceKitDemoTests */ = {
			isa = PBXGroup;
			children = (
				F5D7CB7F24222A910095EB0D /* Info.plist */,
				F5DECEB724222AFA0044DC8B /* BSWSnapshotTest.swift */,
				F556372624222B1B00BFCD52 /* BSWInterfaceKitTests */,
			);
			path = BSWInterfaceKitDemoTests;
			sourceTree = "<group>";
		};
/* End PBXGroup section */

/* Begin PBXNativeTarget section */
		F54DB35023095718008E306B /* BSWInterfaceKitAssets */ = {
			isa = PBXNativeTarget;
			buildConfigurationList = F54DB35423095718008E306B /* Build configuration list for PBXNativeTarget "BSWInterfaceKitAssets" */;
			buildPhases = (
				F54DB34F23095718008E306B /* Resources */,
			);
			buildRules = (
			);
			dependencies = (
			);
			name = BSWInterfaceKitAssets;
			productName = BSWInterfaceKitAssets;
			productReference = F54DB35123095718008E306B /* BSWInterfaceKitAssets.bundle */;
			productType = "com.apple.product-type.bundle";
		};
		F56F908322EF422300E45944 /* BSWInterfaceKitDemo */ = {
			isa = PBXNativeTarget;
			buildConfigurationList = F56F90A322EF422500E45944 /* Build configuration list for PBXNativeTarget "BSWInterfaceKitDemo" */;
			buildPhases = (
				F56F908022EF422300E45944 /* Sources */,
				F56F908122EF422300E45944 /* Frameworks */,
				F56F908222EF422300E45944 /* Resources */,
				F5CF124122EF7A5E0086BC92 /* Embed Frameworks */,
			);
			buildRules = (
			);
			dependencies = (
				F54DB370230959B6008E306B /* PBXTargetDependency */,
			);
			name = BSWInterfaceKitDemo;
			packageProductDependencies = (
				F5C4BEB92422299E00238AEA /* BSWInterfaceKit */,
				F5C4BEBD242229B300238AEA /* Deferred */,
				F5C4BEC1242229C000238AEA /* BSWFoundation */,
			);
			productName = BSWInterfaceKitDemo;
			productReference = F56F908422EF422300E45944 /* BSWInterfaceKitDemo.app */;
			productType = "com.apple.product-type.application";
		};
		F5D7CB7A24222A910095EB0D /* BSWInterfaceKitDemoTests */ = {
			isa = PBXNativeTarget;
			buildConfigurationList = F5D7CB8424222A910095EB0D /* Build configuration list for PBXNativeTarget "BSWInterfaceKitDemoTests" */;
			buildPhases = (
				F5D7CB7724222A910095EB0D /* Sources */,
				F5D7CB7824222A910095EB0D /* Frameworks */,
				F5D7CB7924222A910095EB0D /* Resources */,
				F556373724222B8900BFCD52 /* Embed Frameworks */,
			);
			buildRules = (
			);
			dependencies = (
				F5D7CB8124222A910095EB0D /* PBXTargetDependency */,
			);
			name = BSWInterfaceKitDemoTests;
			packageProductDependencies = (
				F556373524222B8900BFCD52 /* BSWInterfaceKit */,
				F556373924222B8900BFCD52 /* Deferred */,
				F556373D24222B9900BFCD52 /* SnapshotTesting */,
				F556373F24222BA500BFCD52 /* BSWFoundation */,
			);
			productName = BSWInterfaceKitDemoTests;
			productReference = F5D7CB7B24222A910095EB0D /* BSWInterfaceKitDemoTests.xctest */;
			productType = "com.apple.product-type.bundle.unit-test";
		};
/* End PBXNativeTarget section */

/* Begin PBXProject section */
		F56F907C22EF422300E45944 /* Project object */ = {
			isa = PBXProject;
			attributes = {
				LastSwiftUpdateCheck = 1130;
				LastUpgradeCheck = 1100;
				ORGANIZATIONNAME = "The Left Bit";
				TargetAttributes = {
					F54DB35023095718008E306B = {
						CreatedOnToolsVersion = 11.0;
					};
					F56F908322EF422300E45944 = {
						CreatedOnToolsVersion = 11.0;
					};
					F5D7CB7A24222A910095EB0D = {
						CreatedOnToolsVersion = 11.3.1;
						LastSwiftMigration = 1130;
						TestTargetID = F56F908322EF422300E45944;
					};
				};
			};
			buildConfigurationList = F56F907F22EF422300E45944 /* Build configuration list for PBXProject "BSWInterfaceKitDemo" */;
			compatibilityVersion = "Xcode 9.3";
			developmentRegion = en;
			hasScannedForEncodings = 0;
			knownRegions = (
				en,
				Base,
				es,
				fr,
			);
			mainGroup = F56F907B22EF422300E45944;
			packageReferences = (
				F5C4BEBC242229B300238AEA /* XCRemoteSwiftPackageReference "Deferred" */,
				F5C4BEC0242229C000238AEA /* XCRemoteSwiftPackageReference "BSWFoundation" */,
				F556373C24222B9900BFCD52 /* XCRemoteSwiftPackageReference "swift-snapshot-testing" */,
			);
			productRefGroup = F56F908522EF422300E45944 /* Products */;
			projectDirPath = "";
			projectRoot = "";
			targets = (
				F56F908322EF422300E45944 /* BSWInterfaceKitDemo */,
				F54DB35023095718008E306B /* BSWInterfaceKitAssets */,
				F5D7CB7A24222A910095EB0D /* BSWInterfaceKitDemoTests */,
			);
		};
/* End PBXProject section */

/* Begin PBXResourcesBuildPhase section */
		F54DB34F23095718008E306B /* Resources */ = {
			isa = PBXResourcesBuildPhase;
			buildActionMask = 2147483647;
			files = (
				F54DB37623095B14008E306B /* Assets.xcassets in Resources */,
				F54DB37A230961A5008E306B /* Localizable.strings in Resources */,
			);
			runOnlyForDeploymentPostprocessing = 0;
		};
		F56F908222EF422300E45944 /* Resources */ = {
			isa = PBXResourcesBuildPhase;
			buildActionMask = 2147483647;
			files = (
				F54DB37723095EC3008E306B /* BSWInterfaceKitAssets.bundle in Resources */,
				F56F909422EF422400E45944 /* LaunchScreen.storyboard in Resources */,
				F56F909122EF422400E45944 /* Assets.xcassets in Resources */,
			);
			runOnlyForDeploymentPostprocessing = 0;
		};
		F5D7CB7924222A910095EB0D /* Resources */ = {
			isa = PBXResourcesBuildPhase;
			buildActionMask = 2147483647;
			files = (
			);
			runOnlyForDeploymentPostprocessing = 0;
		};
/* End PBXResourcesBuildPhase section */

/* Begin PBXSourcesBuildPhase section */
		F56F908022EF422300E45944 /* Sources */ = {
			isa = PBXSourcesBuildPhase;
			buildActionMask = 2147483647;
			files = (
				F56F90B322EF426900E45944 /* FeaturesViewController.swift in Sources */,
				F56F90B422EF426900E45944 /* AsyncView.swift in Sources */,
				F56F90B022EF426900E45944 /* AzzurriViewController.swift in Sources */,
				F545909E2322C7E80037E8B9 /* TableViewController.swift in Sources */,
				F56F90B222EF426900E45944 /* AlertOperationViewController.swift in Sources */,
				F5783581236C4B20005DD42B /* PlanSelectorViewController.swift in Sources */,
				F56F90B522EF426900E45944 /* StrawberryViewController.swift in Sources */,
				F56F908822EF422300E45944 /* AppDelegate.swift in Sources */,
				F56F90B122EF426900E45944 /* FacebookLoginViewController.swift in Sources */,
			);
			runOnlyForDeploymentPostprocessing = 0;
		};
		F5D7CB7724222A910095EB0D /* Sources */ = {
			isa = PBXSourcesBuildPhase;
			buildActionMask = 2147483647;
			files = (
				F556373024222B4500BFCD52 /* HorizontalPagedCollectionViewLayoutTests.swift in Sources */,
				F556373124222B4500BFCD52 /* IntrinsicSizeCalculableTests.swift in Sources */,
				F556373224222B4500BFCD52 /* UIViewControllerTests.swift in Sources */,
				F556373424222B4500BFCD52 /* NSAttributedStringTests.swift in Sources */,
				F556372F24222B4500BFCD52 /* ColumnFlowLayoutTests.swift in Sources */,
				F556372E24222B4500BFCD52 /* UIViewTests.swift in Sources */,
				F5DECEB824222AFA0044DC8B /* BSWSnapshotTest.swift in Sources */,
				F556373324222B4500BFCD52 /* LocalizableTests.swift in Sources */,
			);
			runOnlyForDeploymentPostprocessing = 0;
		};
/* End PBXSourcesBuildPhase section */

/* Begin PBXTargetDependency section */
		F54DB370230959B6008E306B /* PBXTargetDependency */ = {
			isa = PBXTargetDependency;
			target = F54DB35023095718008E306B /* BSWInterfaceKitAssets */;
			targetProxy = F54DB36F230959B6008E306B /* PBXContainerItemProxy */;
		};
		F5D7CB8124222A910095EB0D /* PBXTargetDependency */ = {
			isa = PBXTargetDependency;
			target = F56F908322EF422300E45944 /* BSWInterfaceKitDemo */;
			targetProxy = F5D7CB8024222A910095EB0D /* PBXContainerItemProxy */;
		};
/* End PBXTargetDependency section */

/* Begin PBXVariantGroup section */
		F54DB37C230961A5008E306B /* Localizable.strings */ = {
			isa = PBXVariantGroup;
			children = (
				F54DB37B230961A5008E306B /* en */,
				F54DB37D230961C2008E306B /* es */,
				F54DB37E230961DB008E306B /* fr */,
			);
			name = Localizable.strings;
			sourceTree = "<group>";
		};
		F56F909222EF422400E45944 /* LaunchScreen.storyboard */ = {
			isa = PBXVariantGroup;
			children = (
				F56F909322EF422400E45944 /* Base */,
			);
			name = LaunchScreen.storyboard;
			sourceTree = "<group>";
		};
/* End PBXVariantGroup section */

/* Begin XCBuildConfiguration section */
		F54DB35523095718008E306B /* Debug */ = {
			isa = XCBuildConfiguration;
			buildSettings = {
				CODE_SIGN_STYLE = Automatic;
				COMBINE_HIDPI_IMAGES = YES;
				INFOPLIST_FILE = BSWInterfaceKitAssets/Info.plist;
				INSTALL_PATH = "$(LOCAL_LIBRARY_DIR)/Bundles";
				MACOSX_DEPLOYMENT_TARGET = 10.14;
				PRODUCT_BUNDLE_IDENTIFIER = com.theleftbit.BSWInterfaceKitAssets;
				PRODUCT_NAME = "$(TARGET_NAME)";
				SKIP_INSTALL = YES;
				WRAPPER_EXTENSION = bundle;
			};
			name = Debug;
		};
		F54DB35623095718008E306B /* Release */ = {
			isa = XCBuildConfiguration;
			buildSettings = {
				CODE_SIGN_STYLE = Automatic;
				COMBINE_HIDPI_IMAGES = YES;
				INFOPLIST_FILE = BSWInterfaceKitAssets/Info.plist;
				INSTALL_PATH = "$(LOCAL_LIBRARY_DIR)/Bundles";
				MACOSX_DEPLOYMENT_TARGET = 10.14;
				PRODUCT_BUNDLE_IDENTIFIER = com.theleftbit.BSWInterfaceKitAssets;
				PRODUCT_NAME = "$(TARGET_NAME)";
				SKIP_INSTALL = YES;
				WRAPPER_EXTENSION = bundle;
			};
			name = Release;
		};
		F56F90A122EF422500E45944 /* Debug */ = {
			isa = XCBuildConfiguration;
			buildSettings = {
				ALWAYS_SEARCH_USER_PATHS = NO;
				CLANG_ANALYZER_LOCALIZABILITY_NONLOCALIZED = YES;
				CLANG_ANALYZER_NONNULL = YES;
				CLANG_ANALYZER_NUMBER_OBJECT_CONVERSION = YES_AGGRESSIVE;
				CLANG_CXX_LANGUAGE_STANDARD = "gnu++14";
				CLANG_CXX_LIBRARY = "libc++";
				CLANG_ENABLE_MODULES = YES;
				CLANG_ENABLE_OBJC_ARC = YES;
				CLANG_ENABLE_OBJC_WEAK = YES;
				CLANG_WARN_BLOCK_CAPTURE_AUTORELEASING = YES;
				CLANG_WARN_BOOL_CONVERSION = YES;
				CLANG_WARN_COMMA = YES;
				CLANG_WARN_CONSTANT_CONVERSION = YES;
				CLANG_WARN_DEPRECATED_OBJC_IMPLEMENTATIONS = YES;
				CLANG_WARN_DIRECT_OBJC_ISA_USAGE = YES_ERROR;
				CLANG_WARN_DOCUMENTATION_COMMENTS = YES;
				CLANG_WARN_EMPTY_BODY = YES;
				CLANG_WARN_ENUM_CONVERSION = YES;
				CLANG_WARN_INFINITE_RECURSION = YES;
				CLANG_WARN_INT_CONVERSION = YES;
				CLANG_WARN_NON_LITERAL_NULL_CONVERSION = YES;
				CLANG_WARN_OBJC_IMPLICIT_RETAIN_SELF = YES;
				CLANG_WARN_OBJC_LITERAL_CONVERSION = YES;
				CLANG_WARN_OBJC_ROOT_CLASS = YES_ERROR;
				CLANG_WARN_RANGE_LOOP_ANALYSIS = YES;
				CLANG_WARN_STRICT_PROTOTYPES = YES;
				CLANG_WARN_SUSPICIOUS_MOVE = YES;
				CLANG_WARN_UNGUARDED_AVAILABILITY = YES_AGGRESSIVE;
				CLANG_WARN_UNREACHABLE_CODE = YES;
				CLANG_WARN__DUPLICATE_METHOD_MATCH = YES;
				COPY_PHASE_STRIP = NO;
				DEBUG_INFORMATION_FORMAT = dwarf;
				ENABLE_STRICT_OBJC_MSGSEND = YES;
				ENABLE_TESTABILITY = YES;
				GCC_C_LANGUAGE_STANDARD = gnu11;
				GCC_DYNAMIC_NO_PIC = NO;
				GCC_NO_COMMON_BLOCKS = YES;
				GCC_OPTIMIZATION_LEVEL = 0;
				GCC_PREPROCESSOR_DEFINITIONS = (
					"DEBUG=1",
					"$(inherited)",
				);
				GCC_WARN_64_TO_32_BIT_CONVERSION = YES;
				GCC_WARN_ABOUT_RETURN_TYPE = YES_ERROR;
				GCC_WARN_UNDECLARED_SELECTOR = YES;
				GCC_WARN_UNINITIALIZED_AUTOS = YES_AGGRESSIVE;
				GCC_WARN_UNUSED_FUNCTION = YES;
				GCC_WARN_UNUSED_VARIABLE = YES;
				IPHONEOS_DEPLOYMENT_TARGET = 11.0;
				MTL_ENABLE_DEBUG_INFO = INCLUDE_SOURCE;
				MTL_FAST_MATH = YES;
				ONLY_ACTIVE_ARCH = YES;
				SDKROOT = iphoneos;
				SWIFT_ACTIVE_COMPILATION_CONDITIONS = DEBUG;
				SWIFT_OPTIMIZATION_LEVEL = "-Onone";
				SWIFT_VERSION = 5.0;
			};
			name = Debug;
		};
		F56F90A222EF422500E45944 /* Release */ = {
			isa = XCBuildConfiguration;
			buildSettings = {
				ALWAYS_SEARCH_USER_PATHS = NO;
				CLANG_ANALYZER_LOCALIZABILITY_NONLOCALIZED = YES;
				CLANG_ANALYZER_NONNULL = YES;
				CLANG_ANALYZER_NUMBER_OBJECT_CONVERSION = YES_AGGRESSIVE;
				CLANG_CXX_LANGUAGE_STANDARD = "gnu++14";
				CLANG_CXX_LIBRARY = "libc++";
				CLANG_ENABLE_MODULES = YES;
				CLANG_ENABLE_OBJC_ARC = YES;
				CLANG_ENABLE_OBJC_WEAK = YES;
				CLANG_WARN_BLOCK_CAPTURE_AUTORELEASING = YES;
				CLANG_WARN_BOOL_CONVERSION = YES;
				CLANG_WARN_COMMA = YES;
				CLANG_WARN_CONSTANT_CONVERSION = YES;
				CLANG_WARN_DEPRECATED_OBJC_IMPLEMENTATIONS = YES;
				CLANG_WARN_DIRECT_OBJC_ISA_USAGE = YES_ERROR;
				CLANG_WARN_DOCUMENTATION_COMMENTS = YES;
				CLANG_WARN_EMPTY_BODY = YES;
				CLANG_WARN_ENUM_CONVERSION = YES;
				CLANG_WARN_INFINITE_RECURSION = YES;
				CLANG_WARN_INT_CONVERSION = YES;
				CLANG_WARN_NON_LITERAL_NULL_CONVERSION = YES;
				CLANG_WARN_OBJC_IMPLICIT_RETAIN_SELF = YES;
				CLANG_WARN_OBJC_LITERAL_CONVERSION = YES;
				CLANG_WARN_OBJC_ROOT_CLASS = YES_ERROR;
				CLANG_WARN_RANGE_LOOP_ANALYSIS = YES;
				CLANG_WARN_STRICT_PROTOTYPES = YES;
				CLANG_WARN_SUSPICIOUS_MOVE = YES;
				CLANG_WARN_UNGUARDED_AVAILABILITY = YES_AGGRESSIVE;
				CLANG_WARN_UNREACHABLE_CODE = YES;
				CLANG_WARN__DUPLICATE_METHOD_MATCH = YES;
				COPY_PHASE_STRIP = NO;
				DEBUG_INFORMATION_FORMAT = "dwarf-with-dsym";
				ENABLE_NS_ASSERTIONS = NO;
				ENABLE_STRICT_OBJC_MSGSEND = YES;
				GCC_C_LANGUAGE_STANDARD = gnu11;
				GCC_NO_COMMON_BLOCKS = YES;
				GCC_WARN_64_TO_32_BIT_CONVERSION = YES;
				GCC_WARN_ABOUT_RETURN_TYPE = YES_ERROR;
				GCC_WARN_UNDECLARED_SELECTOR = YES;
				GCC_WARN_UNINITIALIZED_AUTOS = YES_AGGRESSIVE;
				GCC_WARN_UNUSED_FUNCTION = YES;
				GCC_WARN_UNUSED_VARIABLE = YES;
				IPHONEOS_DEPLOYMENT_TARGET = 11.0;
				MTL_ENABLE_DEBUG_INFO = NO;
				MTL_FAST_MATH = YES;
				SDKROOT = iphoneos;
				SWIFT_COMPILATION_MODE = wholemodule;
				SWIFT_OPTIMIZATION_LEVEL = "-O";
				SWIFT_VERSION = 5.0;
				VALIDATE_PRODUCT = YES;
			};
			name = Release;
		};
		F56F90A422EF422500E45944 /* Debug */ = {
			isa = XCBuildConfiguration;
			buildSettings = {
				ASSETCATALOG_COMPILER_APPICON_NAME = AppIcon;
				CODE_SIGN_STYLE = Automatic;
				DEVELOPMENT_TEAM = J5784WLHF2;
				INFOPLIST_FILE = BSWInterfaceKitDemo/Info.plist;
				LD_RUNPATH_SEARCH_PATHS = (
					"$(inherited)",
					"@executable_path/Frameworks",
				);
				PRODUCT_BUNDLE_IDENTIFIER = com.theleftbit.BSWInterfaceKitDemo;
				PRODUCT_NAME = "$(TARGET_NAME)";
				TARGETED_DEVICE_FAMILY = "1,2";
			};
			name = Debug;
		};
		F56F90A522EF422500E45944 /* Release */ = {
			isa = XCBuildConfiguration;
			buildSettings = {
				ASSETCATALOG_COMPILER_APPICON_NAME = AppIcon;
				CODE_SIGN_STYLE = Automatic;
				DEVELOPMENT_TEAM = J5784WLHF2;
				INFOPLIST_FILE = BSWInterfaceKitDemo/Info.plist;
				LD_RUNPATH_SEARCH_PATHS = (
					"$(inherited)",
					"@executable_path/Frameworks",
				);
				PRODUCT_BUNDLE_IDENTIFIER = com.theleftbit.BSWInterfaceKitDemo;
				PRODUCT_NAME = "$(TARGET_NAME)";
				TARGETED_DEVICE_FAMILY = "1,2";
			};
			name = Release;
		};
		F5D7CB8224222A910095EB0D /* Debug */ = {
			isa = XCBuildConfiguration;
			buildSettings = {
				BUNDLE_LOADER = "$(TEST_HOST)";
				CLANG_ENABLE_MODULES = YES;
				CODE_SIGN_STYLE = Automatic;
				INFOPLIST_FILE = BSWInterfaceKitDemoTests/Info.plist;
				IPHONEOS_DEPLOYMENT_TARGET = 13.2;
				LD_RUNPATH_SEARCH_PATHS = (
					"$(inherited)",
					"@executable_path/Frameworks",
					"@loader_path/Frameworks",
				);
				PRODUCT_BUNDLE_IDENTIFIER = com.theleftbit.BSWInterfaceKitDemoTests;
				PRODUCT_NAME = "$(TARGET_NAME)";
				SWIFT_OPTIMIZATION_LEVEL = "-Onone";
				SWIFT_VERSION = 5.0;
				TARGETED_DEVICE_FAMILY = "1,2";
				TEST_HOST = "$(BUILT_PRODUCTS_DIR)/BSWInterfaceKitDemo.app/BSWInterfaceKitDemo";
			};
			name = Debug;
		};
		F5D7CB8324222A910095EB0D /* Release */ = {
			isa = XCBuildConfiguration;
			buildSettings = {
				BUNDLE_LOADER = "$(TEST_HOST)";
				CLANG_ENABLE_MODULES = YES;
				CODE_SIGN_STYLE = Automatic;
				INFOPLIST_FILE = BSWInterfaceKitDemoTests/Info.plist;
				IPHONEOS_DEPLOYMENT_TARGET = 13.2;
				LD_RUNPATH_SEARCH_PATHS = (
					"$(inherited)",
					"@executable_path/Frameworks",
					"@loader_path/Frameworks",
				);
				PRODUCT_BUNDLE_IDENTIFIER = com.theleftbit.BSWInterfaceKitDemoTests;
				PRODUCT_NAME = "$(TARGET_NAME)";
				SWIFT_VERSION = 5.0;
				TARGETED_DEVICE_FAMILY = "1,2";
				TEST_HOST = "$(BUILT_PRODUCTS_DIR)/BSWInterfaceKitDemo.app/BSWInterfaceKitDemo";
			};
			name = Release;
		};
/* End XCBuildConfiguration section */

/* Begin XCConfigurationList section */
		F54DB35423095718008E306B /* Build configuration list for PBXNativeTarget "BSWInterfaceKitAssets" */ = {
			isa = XCConfigurationList;
			buildConfigurations = (
				F54DB35523095718008E306B /* Debug */,
				F54DB35623095718008E306B /* Release */,
			);
			defaultConfigurationIsVisible = 0;
			defaultConfigurationName = Release;
		};
		F56F907F22EF422300E45944 /* Build configuration list for PBXProject "BSWInterfaceKitDemo" */ = {
			isa = XCConfigurationList;
			buildConfigurations = (
				F56F90A122EF422500E45944 /* Debug */,
				F56F90A222EF422500E45944 /* Release */,
			);
			defaultConfigurationIsVisible = 0;
			defaultConfigurationName = Release;
		};
		F56F90A322EF422500E45944 /* Build configuration list for PBXNativeTarget "BSWInterfaceKitDemo" */ = {
			isa = XCConfigurationList;
			buildConfigurations = (
				F56F90A422EF422500E45944 /* Debug */,
				F56F90A522EF422500E45944 /* Release */,
			);
			defaultConfigurationIsVisible = 0;
			defaultConfigurationName = Release;
		};
		F5D7CB8424222A910095EB0D /* Build configuration list for PBXNativeTarget "BSWInterfaceKitDemoTests" */ = {
			isa = XCConfigurationList;
			buildConfigurations = (
				F5D7CB8224222A910095EB0D /* Debug */,
				F5D7CB8324222A910095EB0D /* Release */,
			);
			defaultConfigurationIsVisible = 0;
			defaultConfigurationName = Release;
		};
/* End XCConfigurationList section */

/* Begin XCRemoteSwiftPackageReference section */
		F556373C24222B9900BFCD52 /* XCRemoteSwiftPackageReference "swift-snapshot-testing" */ = {
			isa = XCRemoteSwiftPackageReference;
			repositoryURL = "https://github.com/pointfreeco/swift-snapshot-testing.git";
			requirement = {
				kind = upToNextMajorVersion;
				minimumVersion = 1.7.2;
			};
		};
		F5C4BEBC242229B300238AEA /* XCRemoteSwiftPackageReference "Deferred" */ = {
			isa = XCRemoteSwiftPackageReference;
			repositoryURL = "https://github.com/theleftbit/Deferred.git";
			requirement = {
				kind = upToNextMajorVersion;
				minimumVersion = 4.2.0;
			};
		};
		F5C4BEC0242229C000238AEA /* XCRemoteSwiftPackageReference "BSWFoundation" */ = {
			isa = XCRemoteSwiftPackageReference;
			repositoryURL = "https://github.com/theleftbit/BSWFoundation.git";
			requirement = {
				kind = upToNextMajorVersion;
				minimumVersion = 3.3.0;
			};
		};
/* End XCRemoteSwiftPackageReference section */

/* Begin XCSwiftPackageProductDependency section */
		F556373524222B8900BFCD52 /* BSWInterfaceKit */ = {
			isa = XCSwiftPackageProductDependency;
			productName = BSWInterfaceKit;
		};
		F556373924222B8900BFCD52 /* Deferred */ = {
			isa = XCSwiftPackageProductDependency;
			package = F5C4BEBC242229B300238AEA /* XCRemoteSwiftPackageReference "Deferred" */;
			productName = Deferred;
		};
		F556373D24222B9900BFCD52 /* SnapshotTesting */ = {
			isa = XCSwiftPackageProductDependency;
			package = F556373C24222B9900BFCD52 /* XCRemoteSwiftPackageReference "swift-snapshot-testing" */;
			productName = SnapshotTesting;
		};
		F556373F24222BA500BFCD52 /* BSWFoundation */ = {
			isa = XCSwiftPackageProductDependency;
			package = F5C4BEC0242229C000238AEA /* XCRemoteSwiftPackageReference "BSWFoundation" */;
			productName = BSWFoundation;
		};
		F5C4BEB92422299E00238AEA /* BSWInterfaceKit */ = {
			isa = XCSwiftPackageProductDependency;
			productName = BSWInterfaceKit;
		};
		F5C4BEBD242229B300238AEA /* Deferred */ = {
			isa = XCSwiftPackageProductDependency;
			package = F5C4BEBC242229B300238AEA /* XCRemoteSwiftPackageReference "Deferred" */;
			productName = Deferred;
		};
		F5C4BEC1242229C000238AEA /* BSWFoundation */ = {
			isa = XCSwiftPackageProductDependency;
			package = F5C4BEC0242229C000238AEA /* XCRemoteSwiftPackageReference "BSWFoundation" */;
			productName = BSWFoundation;
		};
/* End XCSwiftPackageProductDependency section */
	};
	rootObject = F56F907C22EF422300E45944 /* Project object */;
}
